// !$*UTF8*$!
{
	archiveVersion = 1;
	classes = {
	};
	objectVersion = 46;
	objects = {

/* Begin PBXBuildFile section */
		0661F54919D1181B00756D17 /* main.m in Sources */ = {isa = PBXBuildFile; fileRef = 0661F54819D1181B00756D17 /* main.m */; };
		0661F54C19D1181B00756D17 /* AppDelegate.m in Sources */ = {isa = PBXBuildFile; fileRef = 0661F54B19D1181B00756D17 /* AppDelegate.m */; };
		0661F55419D1181B00756D17 /* Images.xcassets in Resources */ = {isa = PBXBuildFile; fileRef = 0661F55319D1181B00756D17 /* Images.xcassets */; };
		0661F55719D1181B00756D17 /* LaunchScreen.xib in Resources */ = {isa = PBXBuildFile; fileRef = 0661F55519D1181B00756D17 /* LaunchScreen.xib */; };
		0661F56319D1181B00756D17 /* skyInnerSXTests.m in Sources */ = {isa = PBXBuildFile; fileRef = 0661F56219D1181B00756D17 /* skyInnerSXTests.m */; };
		0661F57919D118B000756D17 /* skyInnerViewController.m in Sources */ = {isa = PBXBuildFile; fileRef = 0661F57719D118B000756D17 /* skyInnerViewController.m */; };
		0661F57A19D118B000756D17 /* skyInnerViewController.xib in Resources */ = {isa = PBXBuildFile; fileRef = 0661F57819D118B000756D17 /* skyInnerViewController.xib */; };
		0661F57E19D118DB00756D17 /* skyAppStatus.m in Sources */ = {isa = PBXBuildFile; fileRef = 0661F57D19D118DB00756D17 /* skyAppStatus.m */; };
		0661F58119D1261000756D17 /* toolbarDrawMode.png in Resources */ = {isa = PBXBuildFile; fileRef = 0661F57F19D1261000756D17 /* toolbarDrawMode.png */; };
		0661F58219D1261000756D17 /* toolbarDrawModeHide.png in Resources */ = {isa = PBXBuildFile; fileRef = 0661F58019D1261000756D17 /* toolbarDrawModeHide.png */; };
		0661F58B19D13F8200756D17 /* skyPopBaseViewController.m in Sources */ = {isa = PBXBuildFile; fileRef = 0661F58A19D13F8200756D17 /* skyPopBaseViewController.m */; };
		0661F58F19D1412B00756D17 /* skySettingMainVC.m in Sources */ = {isa = PBXBuildFile; fileRef = 0661F58D19D1412B00756D17 /* skySettingMainVC.m */; };
		0661F59419D141BE00756D17 /* skySettingConnectionVC.m in Sources */ = {isa = PBXBuildFile; fileRef = 0661F59219D141BE00756D17 /* skySettingConnectionVC.m */; };
		0661F59919D141F100756D17 /* skySettingConfigVC.m in Sources */ = {isa = PBXBuildFile; fileRef = 0661F59719D141F100756D17 /* skySettingConfigVC.m */; };
		0661F59E19D1422F00756D17 /* skySettingSignalVC.m in Sources */ = {isa = PBXBuildFile; fileRef = 0661F59C19D1422F00756D17 /* skySettingSignalVC.m */; };
		0661F5A319D1425600756D17 /* skySettingUnitVC.m in Sources */ = {isa = PBXBuildFile; fileRef = 0661F5A119D1425600756D17 /* skySettingUnitVC.m */; };
		0661F5A819D1427D00756D17 /* skyModelViewController.m in Sources */ = {isa = PBXBuildFile; fileRef = 0661F5A619D1427D00756D17 /* skyModelViewController.m */; };
		0661F5B119D143A400756D17 /* skyISXWinPopoverVC.m in Sources */ = {isa = PBXBuildFile; fileRef = 0661F5B019D143A400756D17 /* skyISXWinPopoverVC.m */; };
		0661F5B419D143C600756D17 /* skySignalViewController.m in Sources */ = {isa = PBXBuildFile; fileRef = 0661F5B319D143C600756D17 /* skySignalViewController.m */; };
		0661F5B919D14E3000756D17 /* ConnSet.png in Resources */ = {isa = PBXBuildFile; fileRef = 0661F5B519D14E3000756D17 /* ConnSet.png */; };
		0661F5BA19D14E3000756D17 /* ProtocalSet.png in Resources */ = {isa = PBXBuildFile; fileRef = 0661F5B619D14E3000756D17 /* ProtocalSet.png */; };
		0661F5BB19D14E3000756D17 /* SCXSet.png in Resources */ = {isa = PBXBuildFile; fileRef = 0661F5B719D14E3000756D17 /* SCXSet.png */; };
		0661F5BC19D14E3000756D17 /* SignalSet.png in Resources */ = {isa = PBXBuildFile; fileRef = 0661F5B819D14E3000756D17 /* SignalSet.png */; };
		0661F5BE19D17AB500756D17 /* skySettingConnection.xib in Resources */ = {isa = PBXBuildFile; fileRef = 0661F5BD19D17AB500756D17 /* skySettingConnection.xib */; };
/* End PBXBuildFile section */

/* Begin PBXContainerItemProxy section */
		0661F55D19D1181B00756D17 /* PBXContainerItemProxy */ = {
			isa = PBXContainerItemProxy;
			containerPortal = 0661F53B19D1181B00756D17 /* Project object */;
			proxyType = 1;
			remoteGlobalIDString = 0661F54219D1181B00756D17;
			remoteInfo = skyInnerSX;
		};
/* End PBXContainerItemProxy section */

/* Begin PBXFileReference section */
		0661F54319D1181B00756D17 /* skyInnerSX.app */ = {isa = PBXFileReference; explicitFileType = wrapper.application; includeInIndex = 0; path = skyInnerSX.app; sourceTree = BUILT_PRODUCTS_DIR; };
		0661F54719D1181B00756D17 /* Info.plist */ = {isa = PBXFileReference; lastKnownFileType = text.plist.xml; path = Info.plist; sourceTree = "<group>"; };
		0661F54819D1181B00756D17 /* main.m */ = {isa = PBXFileReference; lastKnownFileType = sourcecode.c.objc; path = main.m; sourceTree = "<group>"; };
		0661F54A19D1181B00756D17 /* AppDelegate.h */ = {isa = PBXFileReference; lastKnownFileType = sourcecode.c.h; path = AppDelegate.h; sourceTree = "<group>"; };
		0661F54B19D1181B00756D17 /* AppDelegate.m */ = {isa = PBXFileReference; lastKnownFileType = sourcecode.c.objc; path = AppDelegate.m; sourceTree = "<group>"; };
		0661F55319D1181B00756D17 /* Images.xcassets */ = {isa = PBXFileReference; lastKnownFileType = folder.assetcatalog; path = Images.xcassets; sourceTree = "<group>"; };
		0661F55619D1181B00756D17 /* Base */ = {isa = PBXFileReference; lastKnownFileType = file.xib; name = Base; path = Base.lproj/LaunchScreen.xib; sourceTree = "<group>"; };
		0661F55C19D1181B00756D17 /* skyInnerSXTests.xctest */ = {isa = PBXFileReference; explicitFileType = wrapper.cfbundle; includeInIndex = 0; path = skyInnerSXTests.xctest; sourceTree = BUILT_PRODUCTS_DIR; };
		0661F56119D1181B00756D17 /* Info.plist */ = {isa = PBXFileReference; lastKnownFileType = text.plist.xml; path = Info.plist; sourceTree = "<group>"; };
		0661F56219D1181B00756D17 /* skyInnerSXTests.m */ = {isa = PBXFileReference; lastKnownFileType = sourcecode.c.objc; path = skyInnerSXTests.m; sourceTree = "<group>"; };
		0661F57619D118B000756D17 /* skyInnerViewController.h */ = {isa = PBXFileReference; fileEncoding = 4; lastKnownFileType = sourcecode.c.h; name = skyInnerViewController.h; path = Controllers/skyInnerViewController.h; sourceTree = "<group>"; };
		0661F57719D118B000756D17 /* skyInnerViewController.m */ = {isa = PBXFileReference; fileEncoding = 4; lastKnownFileType = sourcecode.c.objc; name = skyInnerViewController.m; path = Controllers/skyInnerViewController.m; sourceTree = "<group>"; };
		0661F57819D118B000756D17 /* skyInnerViewController.xib */ = {isa = PBXFileReference; fileEncoding = 4; lastKnownFileType = file.xib; name = skyInnerViewController.xib; path = Controllers/skyInnerViewController.xib; sourceTree = "<group>"; };
		0661F57C19D118DB00756D17 /* skyAppStatus.h */ = {isa = PBXFileReference; fileEncoding = 4; lastKnownFileType = sourcecode.c.h; name = skyAppStatus.h; path = "App Datas/skyAppStatus.h"; sourceTree = "<group>"; };
		0661F57D19D118DB00756D17 /* skyAppStatus.m */ = {isa = PBXFileReference; fileEncoding = 4; lastKnownFileType = sourcecode.c.objc; name = skyAppStatus.m; path = "App Datas/skyAppStatus.m"; sourceTree = "<group>"; };
		0661F57F19D1261000756D17 /* toolbarDrawMode.png */ = {isa = PBXFileReference; lastKnownFileType = image.png; path = toolbarDrawMode.png; sourceTree = "<group>"; };
		0661F58019D1261000756D17 /* toolbarDrawModeHide.png */ = {isa = PBXFileReference; lastKnownFileType = image.png; path = toolbarDrawModeHide.png; sourceTree = "<group>"; };
		0661F58919D13F8200756D17 /* skyPopBaseViewController.h */ = {isa = PBXFileReference; fileEncoding = 4; lastKnownFileType = sourcecode.c.h; name = skyPopBaseViewController.h; path = "Popover Views/Base Popover Controller/skyPopBaseViewController.h"; sourceTree = "<group>"; };
		0661F58A19D13F8200756D17 /* skyPopBaseViewController.m */ = {isa = PBXFileReference; fileEncoding = 4; lastKnownFileType = sourcecode.c.objc; name = skyPopBaseViewController.m; path = "Popover Views/Base Popover Controller/skyPopBaseViewController.m"; sourceTree = "<group>"; };
		0661F58C19D1412B00756D17 /* skySettingMainVC.h */ = {isa = PBXFileReference; fileEncoding = 4; lastKnownFileType = sourcecode.c.h; name = skySettingMainVC.h; path = "Popover Views/Settings Popover View/skySettingMainVC.h"; sourceTree = "<group>"; };
		0661F58D19D1412B00756D17 /* skySettingMainVC.m */ = {isa = PBXFileReference; fileEncoding = 4; lastKnownFileType = sourcecode.c.objc; name = skySettingMainVC.m; path = "Popover Views/Settings Popover View/skySettingMainVC.m"; sourceTree = "<group>"; };
		0661F59119D141BE00756D17 /* skySettingConnectionVC.h */ = {isa = PBXFileReference; fileEncoding = 4; lastKnownFileType = sourcecode.c.h; name = skySettingConnectionVC.h; path = "Popover Views/Settings Popover View/skySettingConnectionVC.h"; sourceTree = "<group>"; };
		0661F59219D141BE00756D17 /* skySettingConnectionVC.m */ = {isa = PBXFileReference; fileEncoding = 4; lastKnownFileType = sourcecode.c.objc; name = skySettingConnectionVC.m; path = "Popover Views/Settings Popover View/skySettingConnectionVC.m"; sourceTree = "<group>"; };
		0661F59619D141F100756D17 /* skySettingConfigVC.h */ = {isa = PBXFileReference; fileEncoding = 4; lastKnownFileType = sourcecode.c.h; name = skySettingConfigVC.h; path = "Popover Views/Settings Popover View/skySettingConfigVC.h"; sourceTree = "<group>"; };
		0661F59719D141F100756D17 /* skySettingConfigVC.m */ = {isa = PBXFileReference; fileEncoding = 4; lastKnownFileType = sourcecode.c.objc; name = skySettingConfigVC.m; path = "Popover Views/Settings Popover View/skySettingConfigVC.m"; sourceTree = "<group>"; };
		0661F59B19D1422F00756D17 /* skySettingSignalVC.h */ = {isa = PBXFileReference; fileEncoding = 4; lastKnownFileType = sourcecode.c.h; name = skySettingSignalVC.h; path = "Popover Views/Settings Popover View/skySettingSignalVC.h"; sourceTree = "<group>"; };
		0661F59C19D1422F00756D17 /* skySettingSignalVC.m */ = {isa = PBXFileReference; fileEncoding = 4; lastKnownFileType = sourcecode.c.objc; name = skySettingSignalVC.m; path = "Popover Views/Settings Popover View/skySettingSignalVC.m"; sourceTree = "<group>"; };
		0661F5A019D1425600756D17 /* skySettingUnitVC.h */ = {isa = PBXFileReference; fileEncoding = 4; lastKnownFileType = sourcecode.c.h; name = skySettingUnitVC.h; path = "Popover Views/Settings Popover View/skySettingUnitVC.h"; sourceTree = "<group>"; };
		0661F5A119D1425600756D17 /* skySettingUnitVC.m */ = {isa = PBXFileReference; fileEncoding = 4; lastKnownFileType = sourcecode.c.objc; name = skySettingUnitVC.m; path = "Popover Views/Settings Popover View/skySettingUnitVC.m"; sourceTree = "<group>"; };
		0661F5A519D1427D00756D17 /* skyModelViewController.h */ = {isa = PBXFileReference; fileEncoding = 4; lastKnownFileType = sourcecode.c.h; name = skyModelViewController.h; path = "Popover Views/Model Popover View/skyModelViewController.h"; sourceTree = "<group>"; };
		0661F5A619D1427D00756D17 /* skyModelViewController.m */ = {isa = PBXFileReference; fileEncoding = 4; lastKnownFileType = sourcecode.c.objc; name = skyModelViewController.m; path = "Popover Views/Model Popover View/skyModelViewController.m"; sourceTree = "<group>"; };
		0661F5AF19D143A400756D17 /* skyISXWinPopoverVC.h */ = {isa = PBXFileReference; fileEncoding = 4; lastKnownFileType = sourcecode.c.h; name = skyISXWinPopoverVC.h; path = "Popover Views/ISXWin Popover View/skyISXWinPopoverVC.h"; sourceTree = "<group>"; };
		0661F5B019D143A400756D17 /* skyISXWinPopoverVC.m */ = {isa = PBXFileReference; fileEncoding = 4; lastKnownFileType = sourcecode.c.objc; name = skyISXWinPopoverVC.m; path = "Popover Views/ISXWin Popover View/skyISXWinPopoverVC.m"; sourceTree = "<group>"; };
		0661F5B219D143C600756D17 /* skySignalViewController.h */ = {isa = PBXFileReference; fileEncoding = 4; lastKnownFileType = sourcecode.c.h; name = skySignalViewController.h; path = "Popover Views/Signal Popover View/skySignalViewController.h"; sourceTree = "<group>"; };
		0661F5B319D143C600756D17 /* skySignalViewController.m */ = {isa = PBXFileReference; fileEncoding = 4; lastKnownFileType = sourcecode.c.objc; name = skySignalViewController.m; path = "Popover Views/Signal Popover View/skySignalViewController.m"; sourceTree = "<group>"; };
		0661F5B519D14E3000756D17 /* ConnSet.png */ = {isa = PBXFileReference; lastKnownFileType = image.png; path = ConnSet.png; sourceTree = "<group>"; };
		0661F5B619D14E3000756D17 /* ProtocalSet.png */ = {isa = PBXFileReference; lastKnownFileType = image.png; path = ProtocalSet.png; sourceTree = "<group>"; };
		0661F5B719D14E3000756D17 /* SCXSet.png */ = {isa = PBXFileReference; lastKnownFileType = image.png; path = SCXSet.png; sourceTree = "<group>"; };
		0661F5B819D14E3000756D17 /* SignalSet.png */ = {isa = PBXFileReference; lastKnownFileType = image.png; path = SignalSet.png; sourceTree = "<group>"; };
		0661F5BD19D17AB500756D17 /* skySettingConnection.xib */ = {isa = PBXFileReference; fileEncoding = 4; lastKnownFileType = file.xib; name = skySettingConnection.xib; path = "Popover Views/Settings Popover View/skySettingConnection.xib"; sourceTree = "<group>"; };
/* End PBXFileReference section */

/* Begin PBXFrameworksBuildPhase section */
		0661F54019D1181B00756D17 /* Frameworks */ = {
			isa = PBXFrameworksBuildPhase;
			buildActionMask = 2147483647;
			files = (
			);
			runOnlyForDeploymentPostprocessing = 0;
		};
		0661F55919D1181B00756D17 /* Frameworks */ = {
			isa = PBXFrameworksBuildPhase;
			buildActionMask = 2147483647;
			files = (
			);
			runOnlyForDeploymentPostprocessing = 0;
		};
/* End PBXFrameworksBuildPhase section */

/* Begin PBXGroup section */
		0661F53A19D1181B00756D17 = {
			isa = PBXGroup;
			children = (
				0661F54519D1181B00756D17 /* skyInnerSX */,
				0661F55F19D1181B00756D17 /* skyInnerSXTests */,
				0661F54419D1181B00756D17 /* Products */,
			);
			sourceTree = "<group>";
		};
		0661F54419D1181B00756D17 /* Products */ = {
			isa = PBXGroup;
			children = (
				0661F54319D1181B00756D17 /* skyInnerSX.app */,
				0661F55C19D1181B00756D17 /* skyInnerSXTests.xctest */,
			);
			name = Products;
			sourceTree = "<group>";
		};
		0661F54519D1181B00756D17 /* skyInnerSX */ = {
			isa = PBXGroup;
			children = (
				0661F57519D1188E00756D17 /* App */,
				0661F57419D1188500756D17 /* App Datas */,
				0661F57319D1187C00756D17 /* Controllers */,
				0661F57219D1187300756D17 /* ISX View */,
				0661F57119D1186B00756D17 /* Popover Views */,
				0661F57019D1186300756D17 /* Cells */,
				0661F56F19D1185E00756D17 /* Net */,
				0661F56E19D1185800756D17 /* SDKs */,
				0661F56D19D1184F00756D17 /* Protocol Adapter */,
				0661F56C19D1184400756D17 /* Resources */,
				0661F54619D1181B00756D17 /* Supporting Files */,
			);
			path = skyInnerSX;
			sourceTree = "<group>";
		};
		0661F54619D1181B00756D17 /* Supporting Files */ = {
			isa = PBXGroup;
			children = (
				0661F54719D1181B00756D17 /* Info.plist */,
				0661F54819D1181B00756D17 /* main.m */,
			);
			name = "Supporting Files";
			sourceTree = "<group>";
		};
		0661F55F19D1181B00756D17 /* skyInnerSXTests */ = {
			isa = PBXGroup;
			children = (
				0661F56219D1181B00756D17 /* skyInnerSXTests.m */,
				0661F56019D1181B00756D17 /* Supporting Files */,
			);
			path = skyInnerSXTests;
			sourceTree = "<group>";
		};
		0661F56019D1181B00756D17 /* Supporting Files */ = {
			isa = PBXGroup;
			children = (
				0661F56119D1181B00756D17 /* Info.plist */,
			);
			name = "Supporting Files";
			sourceTree = "<group>";
		};
		0661F56C19D1184400756D17 /* Resources */ = {
			isa = PBXGroup;
			children = (
				0661F5B519D14E3000756D17 /* ConnSet.png */,
				0661F5B619D14E3000756D17 /* ProtocalSet.png */,
				0661F5B719D14E3000756D17 /* SCXSet.png */,
				0661F5B819D14E3000756D17 /* SignalSet.png */,
				0661F57F19D1261000756D17 /* toolbarDrawMode.png */,
				0661F58019D1261000756D17 /* toolbarDrawModeHide.png */,
			);
			name = Resources;
			sourceTree = "<group>";
		};
		0661F56D19D1184F00756D17 /* Protocol Adapter */ = {
			isa = PBXGroup;
			children = (
			);
			name = "Protocol Adapter";
			sourceTree = "<group>";
		};
		0661F56E19D1185800756D17 /* SDKs */ = {
			isa = PBXGroup;
			children = (
			);
			name = SDKs;
			sourceTree = "<group>";
		};
		0661F56F19D1185E00756D17 /* Net */ = {
			isa = PBXGroup;
			children = (
			);
			name = Net;
			sourceTree = "<group>";
		};
		0661F57019D1186300756D17 /* Cells */ = {
			isa = PBXGroup;
			children = (
			);
			name = Cells;
			sourceTree = "<group>";
		};
		0661F57119D1186B00756D17 /* Popover Views */ = {
			isa = PBXGroup;
			children = (
				0661F58819D13F3C00756D17 /* Base Popover Controller */,
				0661F58319D13EAF00756D17 /* Settings Popover View */,
				0661F58419D13EBB00756D17 /* Model Popover View */,
				0661F58519D13ED700756D17 /* Signal Popover View */,
				0661F58719D13F0700756D17 /* ISXWin Popover View */,
			);
			name = "Popover Views";
			sourceTree = "<group>";
		};
		0661F57219D1187300756D17 /* ISX View */ = {
			isa = PBXGroup;
			children = (
			);
			name = "ISX View";
			sourceTree = "<group>";
		};
		0661F57319D1187C00756D17 /* Controllers */ = {
			isa = PBXGroup;
			children = (
				0661F57619D118B000756D17 /* skyInnerViewController.h */,
				0661F57719D118B000756D17 /* skyInnerViewController.m */,
				0661F57819D118B000756D17 /* skyInnerViewController.xib */,
			);
			name = Controllers;
			sourceTree = "<group>";
		};
		0661F57419D1188500756D17 /* App Datas */ = {
			isa = PBXGroup;
			children = (
				0661F57C19D118DB00756D17 /* skyAppStatus.h */,
				0661F57D19D118DB00756D17 /* skyAppStatus.m */,
			);
			name = "App Datas";
			sourceTree = "<group>";
		};
		0661F57519D1188E00756D17 /* App */ = {
			isa = PBXGroup;
			children = (
				0661F54A19D1181B00756D17 /* AppDelegate.h */,
				0661F54B19D1181B00756D17 /* AppDelegate.m */,
				0661F55319D1181B00756D17 /* Images.xcassets */,
				0661F55519D1181B00756D17 /* LaunchScreen.xib */,
			);
			name = App;
			sourceTree = "<group>";
		};
		0661F58319D13EAF00756D17 /* Settings Popover View */ = {
			isa = PBXGroup;
			children = (
				0661F58C19D1412B00756D17 /* skySettingMainVC.h */,
				0661F58D19D1412B00756D17 /* skySettingMainVC.m */,
				0661F59119D141BE00756D17 /* skySettingConnectionVC.h */,
				0661F59219D141BE00756D17 /* skySettingConnectionVC.m */,
				0661F5BD19D17AB500756D17 /* skySettingConnection.xib */,
				0661F59619D141F100756D17 /* skySettingConfigVC.h */,
				0661F59719D141F100756D17 /* skySettingConfigVC.m */,
				0661F59B19D1422F00756D17 /* skySettingSignalVC.h */,
				0661F59C19D1422F00756D17 /* skySettingSignalVC.m */,
				0661F5A019D1425600756D17 /* skySettingUnitVC.h */,
				0661F5A119D1425600756D17 /* skySettingUnitVC.m */,
			);
			name = "Settings Popover View";
			sourceTree = "<group>";
		};
		0661F58419D13EBB00756D17 /* Model Popover View */ = {
			isa = PBXGroup;
			children = (
				0661F5A519D1427D00756D17 /* skyModelViewController.h */,
				0661F5A619D1427D00756D17 /* skyModelViewController.m */,
			);
			name = "Model Popover View";
			sourceTree = "<group>";
		};
		0661F58519D13ED700756D17 /* Signal Popover View */ = {
			isa = PBXGroup;
			children = (
				0661F5B219D143C600756D17 /* skySignalViewController.h */,
				0661F5B319D143C600756D17 /* skySignalViewController.m */,
			);
			name = "Signal Popover View";
			sourceTree = "<group>";
		};
		0661F58719D13F0700756D17 /* ISXWin Popover View */ = {
			isa = PBXGroup;
			children = (
				0661F5AF19D143A400756D17 /* skyISXWinPopoverVC.h */,
				0661F5B019D143A400756D17 /* skyISXWinPopoverVC.m */,
			);
			name = "ISXWin Popover View";
			sourceTree = "<group>";
		};
		0661F58819D13F3C00756D17 /* Base Popover Controller */ = {
			isa = PBXGroup;
			children = (
				0661F58919D13F8200756D17 /* skyPopBaseViewController.h */,
				0661F58A19D13F8200756D17 /* skyPopBaseViewController.m */,
			);
			name = "Base Popover Controller";
			sourceTree = "<group>";
		};
/* End PBXGroup section */

/* Begin PBXNativeTarget section */
		0661F54219D1181B00756D17 /* skyInnerSX */ = {
			isa = PBXNativeTarget;
			buildConfigurationList = 0661F56619D1181B00756D17 /* Build configuration list for PBXNativeTarget "skyInnerSX" */;
			buildPhases = (
				0661F53F19D1181B00756D17 /* Sources */,
				0661F54019D1181B00756D17 /* Frameworks */,
				0661F54119D1181B00756D17 /* Resources */,
			);
			buildRules = (
			);
			dependencies = (
			);
			name = skyInnerSX;
			productName = skyInnerSX;
			productReference = 0661F54319D1181B00756D17 /* skyInnerSX.app */;
			productType = "com.apple.product-type.application";
		};
		0661F55B19D1181B00756D17 /* skyInnerSXTests */ = {
			isa = PBXNativeTarget;
			buildConfigurationList = 0661F56919D1181B00756D17 /* Build configuration list for PBXNativeTarget "skyInnerSXTests" */;
			buildPhases = (
				0661F55819D1181B00756D17 /* Sources */,
				0661F55919D1181B00756D17 /* Frameworks */,
				0661F55A19D1181B00756D17 /* Resources */,
			);
			buildRules = (
			);
			dependencies = (
				0661F55E19D1181B00756D17 /* PBXTargetDependency */,
			);
			name = skyInnerSXTests;
			productName = skyInnerSXTests;
			productReference = 0661F55C19D1181B00756D17 /* skyInnerSXTests.xctest */;
			productType = "com.apple.product-type.bundle.unit-test";
		};
/* End PBXNativeTarget section */

/* Begin PBXProject section */
		0661F53B19D1181B00756D17 /* Project object */ = {
			isa = PBXProject;
			attributes = {
				LastUpgradeCheck = 0600;
				ORGANIZATIONNAME = wziiy;
				TargetAttributes = {
					0661F54219D1181B00756D17 = {
						CreatedOnToolsVersion = 6.0.1;
					};
					0661F55B19D1181B00756D17 = {
						CreatedOnToolsVersion = 6.0.1;
						TestTargetID = 0661F54219D1181B00756D17;
					};
				};
			};
			buildConfigurationList = 0661F53E19D1181B00756D17 /* Build configuration list for PBXProject "skyInnerSX" */;
			compatibilityVersion = "Xcode 3.2";
			developmentRegion = English;
			hasScannedForEncodings = 0;
			knownRegions = (
				en,
				Base,
			);
			mainGroup = 0661F53A19D1181B00756D17;
			productRefGroup = 0661F54419D1181B00756D17 /* Products */;
			projectDirPath = "";
			projectRoot = "";
			targets = (
				0661F54219D1181B00756D17 /* skyInnerSX */,
				0661F55B19D1181B00756D17 /* skyInnerSXTests */,
			);
		};
/* End PBXProject section */

/* Begin PBXResourcesBuildPhase section */
		0661F54119D1181B00756D17 /* Resources */ = {
			isa = PBXResourcesBuildPhase;
			buildActionMask = 2147483647;
			files = (
				0661F58119D1261000756D17 /* toolbarDrawMode.png in Resources */,
				0661F55719D1181B00756D17 /* LaunchScreen.xib in Resources */,
				0661F5BC19D14E3000756D17 /* SignalSet.png in Resources */,
				0661F57A19D118B000756D17 /* skyInnerViewController.xib in Resources */,
				0661F58219D1261000756D17 /* toolbarDrawModeHide.png in Resources */,
				0661F5BA19D14E3000756D17 /* ProtocalSet.png in Resources */,
				0661F5BE19D17AB500756D17 /* skySettingConnection.xib in Resources */,
				0661F5B919D14E3000756D17 /* ConnSet.png in Resources */,
				0661F55419D1181B00756D17 /* Images.xcassets in Resources */,
				0661F5BB19D14E3000756D17 /* SCXSet.png in Resources */,
			);
			runOnlyForDeploymentPostprocessing = 0;
		};
		0661F55A19D1181B00756D17 /* Resources */ = {
			isa = PBXResourcesBuildPhase;
			buildActionMask = 2147483647;
			files = (
			);
			runOnlyForDeploymentPostprocessing = 0;
		};
/* End PBXResourcesBuildPhase section */

/* Begin PBXSourcesBuildPhase section */
		0661F53F19D1181B00756D17 /* Sources */ = {
			isa = PBXSourcesBuildPhase;
			buildActionMask = 2147483647;
			files = (
				0661F57919D118B000756D17 /* skyInnerViewController.m in Sources */,
				0661F57E19D118DB00756D17 /* skyAppStatus.m in Sources */,
				0661F5A819D1427D00756D17 /* skyModelViewController.m in Sources */,
				0661F59E19D1422F00756D17 /* skySettingSignalVC.m in Sources */,
				0661F58F19D1412B00756D17 /* skySettingMainVC.m in Sources */,
				0661F5B119D143A400756D17 /* skyISXWinPopoverVC.m in Sources */,
				0661F5B419D143C600756D17 /* skySignalViewController.m in Sources */,
				0661F59919D141F100756D17 /* skySettingConfigVC.m in Sources */,
				0661F5A319D1425600756D17 /* skySettingUnitVC.m in Sources */,
				0661F54C19D1181B00756D17 /* AppDelegate.m in Sources */,
				0661F59419D141BE00756D17 /* skySettingConnectionVC.m in Sources */,
				0661F58B19D13F8200756D17 /* skyPopBaseViewController.m in Sources */,
				0661F54919D1181B00756D17 /* main.m in Sources */,
			);
			runOnlyForDeploymentPostprocessing = 0;
		};
		0661F55819D1181B00756D17 /* Sources */ = {
			isa = PBXSourcesBuildPhase;
			buildActionMask = 2147483647;
			files = (
				0661F56319D1181B00756D17 /* skyInnerSXTests.m in Sources */,
			);
			runOnlyForDeploymentPostprocessing = 0;
		};
/* End PBXSourcesBuildPhase section */

/* Begin PBXTargetDependency section */
		0661F55E19D1181B00756D17 /* PBXTargetDependency */ = {
			isa = PBXTargetDependency;
			target = 0661F54219D1181B00756D17 /* skyInnerSX */;
			targetProxy = 0661F55D19D1181B00756D17 /* PBXContainerItemProxy */;
		};
/* End PBXTargetDependency section */

/* Begin PBXVariantGroup section */
		0661F55519D1181B00756D17 /* LaunchScreen.xib */ = {
			isa = PBXVariantGroup;
			children = (
				0661F55619D1181B00756D17 /* Base */,
			);
			name = LaunchScreen.xib;
			sourceTree = "<group>";
		};
/* End PBXVariantGroup section */

/* Begin XCBuildConfiguration section */
		0661F56419D1181B00756D17 /* Debug */ = {
			isa = XCBuildConfiguration;
			buildSettings = {
				ALWAYS_SEARCH_USER_PATHS = NO;
				CLANG_CXX_LANGUAGE_STANDARD = "gnu++0x";
				CLANG_CXX_LIBRARY = "libc++";
				CLANG_ENABLE_MODULES = YES;
				CLANG_ENABLE_OBJC_ARC = YES;
				CLANG_WARN_BOOL_CONVERSION = YES;
				CLANG_WARN_CONSTANT_CONVERSION = YES;
				CLANG_WARN_DIRECT_OBJC_ISA_USAGE = YES_ERROR;
				CLANG_WARN_EMPTY_BODY = YES;
				CLANG_WARN_ENUM_CONVERSION = YES;
				CLANG_WARN_INT_CONVERSION = YES;
				CLANG_WARN_OBJC_ROOT_CLASS = YES_ERROR;
				CLANG_WARN_UNREACHABLE_CODE = YES;
				CLANG_WARN__DUPLICATE_METHOD_MATCH = YES;
				"CODE_SIGN_IDENTITY[sdk=iphoneos*]" = "iPhone Developer";
				COPY_PHASE_STRIP = NO;
				ENABLE_STRICT_OBJC_MSGSEND = YES;
				GCC_C_LANGUAGE_STANDARD = gnu99;
				GCC_DYNAMIC_NO_PIC = NO;
				GCC_OPTIMIZATION_LEVEL = 0;
				GCC_PREPROCESSOR_DEFINITIONS = (
					"DEBUG=1",
					"$(inherited)",
				);
				GCC_SYMBOLS_PRIVATE_EXTERN = NO;
				GCC_WARN_64_TO_32_BIT_CONVERSION = YES;
				GCC_WARN_ABOUT_RETURN_TYPE = YES_ERROR;
				GCC_WARN_UNDECLARED_SELECTOR = YES;
				GCC_WARN_UNINITIALIZED_AUTOS = YES_AGGRESSIVE;
				GCC_WARN_UNUSED_FUNCTION = YES;
				GCC_WARN_UNUSED_VARIABLE = YES;
				IPHONEOS_DEPLOYMENT_TARGET = 8.0;
				MTL_ENABLE_DEBUG_INFO = YES;
				ONLY_ACTIVE_ARCH = YES;
				SDKROOT = iphoneos;
				TARGETED_DEVICE_FAMILY = 2;
			};
			name = Debug;
		};
		0661F56519D1181B00756D17 /* Release */ = {
			isa = XCBuildConfiguration;
			buildSettings = {
				ALWAYS_SEARCH_USER_PATHS = NO;
				CLANG_CXX_LANGUAGE_STANDARD = "gnu++0x";
				CLANG_CXX_LIBRARY = "libc++";
				CLANG_ENABLE_MODULES = YES;
				CLANG_ENABLE_OBJC_ARC = YES;
				CLANG_WARN_BOOL_CONVERSION = YES;
				CLANG_WARN_CONSTANT_CONVERSION = YES;
				CLANG_WARN_DIRECT_OBJC_ISA_USAGE = YES_ERROR;
				CLANG_WARN_EMPTY_BODY = YES;
				CLANG_WARN_ENUM_CONVERSION = YES;
				CLANG_WARN_INT_CONVERSION = YES;
				CLANG_WARN_OBJC_ROOT_CLASS = YES_ERROR;
				CLANG_WARN_UNREACHABLE_CODE = YES;
				CLANG_WARN__DUPLICATE_METHOD_MATCH = YES;
				"CODE_SIGN_IDENTITY[sdk=iphoneos*]" = "iPhone Developer";
				COPY_PHASE_STRIP = YES;
				ENABLE_NS_ASSERTIONS = NO;
				ENABLE_STRICT_OBJC_MSGSEND = YES;
				GCC_C_LANGUAGE_STANDARD = gnu99;
				GCC_WARN_64_TO_32_BIT_CONVERSION = YES;
				GCC_WARN_ABOUT_RETURN_TYPE = YES_ERROR;
				GCC_WARN_UNDECLARED_SELECTOR = YES;
				GCC_WARN_UNINITIALIZED_AUTOS = YES_AGGRESSIVE;
				GCC_WARN_UNUSED_FUNCTION = YES;
				GCC_WARN_UNUSED_VARIABLE = YES;
				IPHONEOS_DEPLOYMENT_TARGET = 8.0;
				MTL_ENABLE_DEBUG_INFO = NO;
				SDKROOT = iphoneos;
				TARGETED_DEVICE_FAMILY = 2;
				VALIDATE_PRODUCT = YES;
			};
			name = Release;
		};
		0661F56719D1181B00756D17 /* Debug */ = {
			isa = XCBuildConfiguration;
			buildSettings = {
				ASSETCATALOG_COMPILER_APPICON_NAME = AppIcon;
				INFOPLIST_FILE = skyInnerSX/Info.plist;
				IPHONEOS_DEPLOYMENT_TARGET = 8.0;
				LD_RUNPATH_SEARCH_PATHS = "$(inherited) @executable_path/Frameworks";
				PRODUCT_NAME = "$(TARGET_NAME)";
			};
			name = Debug;
		};
		0661F56819D1181B00756D17 /* Release */ = {
			isa = XCBuildConfiguration;
			buildSettings = {
				ASSETCATALOG_COMPILER_APPICON_NAME = AppIcon;
				INFOPLIST_FILE = skyInnerSX/Info.plist;
				IPHONEOS_DEPLOYMENT_TARGET = 8.0;
				LD_RUNPATH_SEARCH_PATHS = "$(inherited) @executable_path/Frameworks";
				PRODUCT_NAME = "$(TARGET_NAME)";
			};
			name = Release;
		};
		0661F56A19D1181B00756D17 /* Debug */ = {
			isa = XCBuildConfiguration;
			buildSettings = {
				BUNDLE_LOADER = "$(TEST_HOST)";
				FRAMEWORK_SEARCH_PATHS = (
					"$(SDKROOT)/Developer/Library/Frameworks",
					"$(inherited)",
				);
				GCC_PREPROCESSOR_DEFINITIONS = (
					"DEBUG=1",
					"$(inherited)",
				);
				INFOPLIST_FILE = skyInnerSXTests/Info.plist;
				LD_RUNPATH_SEARCH_PATHS = "$(inherited) @executable_path/Frameworks @loader_path/Frameworks";
				PRODUCT_NAME = "$(TARGET_NAME)";
				TEST_HOST = "$(BUILT_PRODUCTS_DIR)/skyInnerSX.app/skyInnerSX";
			};
			name = Debug;
		};
		0661F56B19D1181B00756D17 /* Release */ = {
			isa = XCBuildConfiguration;
			buildSettings = {
				BUNDLE_LOADER = "$(TEST_HOST)";
				FRAMEWORK_SEARCH_PATHS = (
					"$(SDKROOT)/Developer/Library/Frameworks",
					"$(inherited)",
				);
				INFOPLIST_FILE = skyInnerSXTests/Info.plist;
				LD_RUNPATH_SEARCH_PATHS = "$(inherited) @executable_path/Frameworks @loader_path/Frameworks";
				PRODUCT_NAME = "$(TARGET_NAME)";
				TEST_HOST = "$(BUILT_PRODUCTS_DIR)/skyInnerSX.app/skyInnerSX";
			};
			name = Release;
		};
/* End XCBuildConfiguration section */

/* Begin XCConfigurationList section */
		0661F53E19D1181B00756D17 /* Build configuration list for PBXProject "skyInnerSX" */ = {
			isa = XCConfigurationList;
			buildConfigurations = (
				0661F56419D1181B00756D17 /* Debug */,
				0661F56519D1181B00756D17 /* Release */,
			);
			defaultConfigurationIsVisible = 0;
			defaultConfigurationName = Release;
		};
		0661F56619D1181B00756D17 /* Build configuration list for PBXNativeTarget "skyInnerSX" */ = {
			isa = XCConfigurationList;
			buildConfigurations = (
				0661F56719D1181B00756D17 /* Debug */,
				0661F56819D1181B00756D17 /* Release */,
			);
			defaultConfigurationIsVisible = 0;
			defaultConfigurationName = Release;
		};
		0661F56919D1181B00756D17 /* Build configuration list for PBXNativeTarget "skyInnerSXTests" */ = {
			isa = XCConfigurationList;
			buildConfigurations = (
				0661F56A19D1181B00756D17 /* Debug */,
				0661F56B19D1181B00756D17 /* Release */,
			);
			defaultConfigurationIsVisible = 0;
			defaultConfigurationName = Release;
		};
/* End XCConfigurationList section */
	};
	rootObject = 0661F53B19D1181B00756D17 /* Project object */;
}
