// !$*UTF8*$!
{
	archiveVersion = 1;
	classes = {
	};
	objectVersion = 46;
	objects = {

/* Begin PBXBuildFile section */
		060947D819D93756007A12C2 /* skyCell1.m in Sources */ = {isa = PBXBuildFile; fileRef = 060947D319D93756007A12C2 /* skyCell1.m */; };
		060947D919D93756007A12C2 /* skyCell1.xib in Resources */ = {isa = PBXBuildFile; fileRef = 060947D419D93756007A12C2 /* skyCell1.xib */; };
		060947DA19D93756007A12C2 /* skyCell2.m in Sources */ = {isa = PBXBuildFile; fileRef = 060947D619D93756007A12C2 /* skyCell2.m */; };
		060947DB19D93756007A12C2 /* skyCell2.xib in Resources */ = {isa = PBXBuildFile; fileRef = 060947D719D93756007A12C2 /* skyCell2.xib */; };
		060C64D719D508B400E67106 /* CFNetwork.framework in Frameworks */ = {isa = PBXBuildFile; fileRef = 060C64D619D508B400E67106 /* CFNetwork.framework */; };
		060C64DA19D50BF700E67106 /* CoreGraphics.framework in Frameworks */ = {isa = PBXBuildFile; fileRef = 060C64D919D50BF700E67106 /* CoreGraphics.framework */; };
		060C64DE19D54CC600E67106 /* skyUnderPaint.m in Sources */ = {isa = PBXBuildFile; fileRef = 060C64DD19D54CC600E67106 /* skyUnderPaint.m */; };
		060C64E119D54D0500E67106 /* skyISXWin.m in Sources */ = {isa = PBXBuildFile; fileRef = 060C64E019D54D0500E67106 /* skyISXWin.m */; };
		0631A1CF19D2980500439139 /* skySliderCell.m in Sources */ = {isa = PBXBuildFile; fileRef = 0631A1CD19D2980500439139 /* skySliderCell.m */; };
		0631A1D019D2980500439139 /* skySliderCell.xib in Resources */ = {isa = PBXBuildFile; fileRef = 0631A1CE19D2980500439139 /* skySliderCell.xib */; };
		064CA90819DA4A0F006E33F5 /* background.bmp in Resources */ = {isa = PBXBuildFile; fileRef = 064CA8EB19DA4A0F006E33F5 /* background.bmp */; };
		064CA90919DA4A0F006E33F5 /* cvbs_switch.png in Resources */ = {isa = PBXBuildFile; fileRef = 064CA8EC19DA4A0F006E33F5 /* cvbs_switch.png */; };
		064CA90A19DA4A0F006E33F5 /* CVBSCardDown.png in Resources */ = {isa = PBXBuildFile; fileRef = 064CA8ED19DA4A0F006E33F5 /* CVBSCardDown.png */; };
		064CA90B19DA4A0F006E33F5 /* dvi_switch.png in Resources */ = {isa = PBXBuildFile; fileRef = 064CA8EE19DA4A0F006E33F5 /* dvi_switch.png */; };
		064CA90C19DA4A0F006E33F5 /* DVICardDown.png in Resources */ = {isa = PBXBuildFile; fileRef = 064CA8EF19DA4A0F006E33F5 /* DVICardDown.png */; };
		064CA90D19DA4A0F006E33F5 /* hdmi_switch.png in Resources */ = {isa = PBXBuildFile; fileRef = 064CA8F019DA4A0F006E33F5 /* hdmi_switch.png */; };
		064CA90E19DA4A0F006E33F5 /* HDMICardDown.png in Resources */ = {isa = PBXBuildFile; fileRef = 064CA8F119DA4A0F006E33F5 /* HDMICardDown.png */; };
		064CA90F19DA4A0F006E33F5 /* SMC_Logo.jpg in Resources */ = {isa = PBXBuildFile; fileRef = 064CA8F219DA4A0F006E33F5 /* SMC_Logo.jpg */; };
		064CA91019DA4A0F006E33F5 /* vga_switch.png in Resources */ = {isa = PBXBuildFile; fileRef = 064CA8F319DA4A0F006E33F5 /* vga_switch.png */; };
		064CA91119DA4A0F006E33F5 /* VGACardDown.png in Resources */ = {isa = PBXBuildFile; fileRef = 064CA8F419DA4A0F006E33F5 /* VGACardDown.png */; };
		064CA91219DA4A0F006E33F5 /* BigPic.png in Resources */ = {isa = PBXBuildFile; fileRef = 064CA8F519DA4A0F006E33F5 /* BigPic.png */; };
		064CA91319DA4A0F006E33F5 /* ConnSet.png in Resources */ = {isa = PBXBuildFile; fileRef = 064CA8F619DA4A0F006E33F5 /* ConnSet.png */; };
		064CA91419DA4A0F006E33F5 /* DownAccessory.png in Resources */ = {isa = PBXBuildFile; fileRef = 064CA8F719DA4A0F006E33F5 /* DownAccessory.png */; };
		064CA91519DA4A0F006E33F5 /* DownAccessory@2x.png in Resources */ = {isa = PBXBuildFile; fileRef = 064CA8F819DA4A0F006E33F5 /* DownAccessory@2x.png */; };
		064CA91619DA4A0F006E33F5 /* ProtocalSet.png in Resources */ = {isa = PBXBuildFile; fileRef = 064CA8F919DA4A0F006E33F5 /* ProtocalSet.png */; };
		064CA91719DA4A0F006E33F5 /* SCXSet.png in Resources */ = {isa = PBXBuildFile; fileRef = 064CA8FA19DA4A0F006E33F5 /* SCXSet.png */; };
		064CA91819DA4A0F006E33F5 /* scxWin_Btn_Normal.png in Resources */ = {isa = PBXBuildFile; fileRef = 064CA8FB19DA4A0F006E33F5 /* scxWin_Btn_Normal.png */; };
		064CA91919DA4A0F006E33F5 /* scxWin_Btn_Select.png in Resources */ = {isa = PBXBuildFile; fileRef = 064CA8FC19DA4A0F006E33F5 /* scxWin_Btn_Select.png */; };
		064CA91A19DA4A0F006E33F5 /* signal_Card-Small.png in Resources */ = {isa = PBXBuildFile; fileRef = 064CA8FD19DA4A0F006E33F5 /* signal_Card-Small.png */; };
		064CA91B19DA4A0F006E33F5 /* signal_CVBS-Small.png in Resources */ = {isa = PBXBuildFile; fileRef = 064CA8FE19DA4A0F006E33F5 /* signal_CVBS-Small.png */; };
		064CA91C19DA4A0F006E33F5 /* signal_DVI-Small.png in Resources */ = {isa = PBXBuildFile; fileRef = 064CA8FF19DA4A0F006E33F5 /* signal_DVI-Small.png */; };
		064CA91D19DA4A0F006E33F5 /* signal_HDMI-Small.png in Resources */ = {isa = PBXBuildFile; fileRef = 064CA90019DA4A0F006E33F5 /* signal_HDMI-Small.png */; };
		064CA91E19DA4A0F006E33F5 /* signal_VGA-Small.png in Resources */ = {isa = PBXBuildFile; fileRef = 064CA90119DA4A0F006E33F5 /* signal_VGA-Small.png */; };
		064CA91F19DA4A0F006E33F5 /* SignalSet.png in Resources */ = {isa = PBXBuildFile; fileRef = 064CA90219DA4A0F006E33F5 /* SignalSet.png */; };
		064CA92019DA4A0F006E33F5 /* toolbarDrawMode.png in Resources */ = {isa = PBXBuildFile; fileRef = 064CA90319DA4A0F006E33F5 /* toolbarDrawMode.png */; };
		064CA92119DA4A0F006E33F5 /* toolbarDrawModeHide.png in Resources */ = {isa = PBXBuildFile; fileRef = 064CA90419DA4A0F006E33F5 /* toolbarDrawModeHide.png */; };
		064CA92219DA4A0F006E33F5 /* Unit.png in Resources */ = {isa = PBXBuildFile; fileRef = 064CA90519DA4A0F006E33F5 /* Unit.png */; };
		064CA92319DA4A0F006E33F5 /* UpAccessory.png in Resources */ = {isa = PBXBuildFile; fileRef = 064CA90619DA4A0F006E33F5 /* UpAccessory.png */; };
		064CA92419DA4A0F006E33F5 /* UpAccessory@2x.png in Resources */ = {isa = PBXBuildFile; fileRef = 064CA90719DA4A0F006E33F5 /* UpAccessory@2x.png */; };
		064CA92819DA4A2A006E33F5 /* skyModelCell.m in Sources */ = {isa = PBXBuildFile; fileRef = 064CA92619DA4A2A006E33F5 /* skyModelCell.m */; };
		064CA92919DA4A2A006E33F5 /* skyModelCell.xib in Resources */ = {isa = PBXBuildFile; fileRef = 064CA92719DA4A2A006E33F5 /* skyModelCell.xib */; };
		064CA92B19DA4A98006E33F5 /* notsaved.png in Resources */ = {isa = PBXBuildFile; fileRef = 064CA92A19DA4A98006E33F5 /* notsaved.png */; };
		064CA93019DA5660006E33F5 /* skyExternViewController.m in Sources */ = {isa = PBXBuildFile; fileRef = 064CA92D19DA5660006E33F5 /* skyExternViewController.m */; };
		064CA93119DA5660006E33F5 /* skyExternWin.m in Sources */ = {isa = PBXBuildFile; fileRef = 064CA92F19DA5660006E33F5 /* skyExternWin.m */; };
		064CA93519DA5AC8006E33F5 /* skyExternViewController+skyExternViewCategory.m in Sources */ = {isa = PBXBuildFile; fileRef = 064CA93419DA5AC8006E33F5 /* skyExternViewController+skyExternViewCategory.m */; };
		064CA94219DA6292006E33F5 /* DVIDown.png in Resources */ = {isa = PBXBuildFile; fileRef = 064CA93E19DA6292006E33F5 /* DVIDown.png */; };
		064CA94319DA6292006E33F5 /* DVINor.png in Resources */ = {isa = PBXBuildFile; fileRef = 064CA93F19DA6292006E33F5 /* DVINor.png */; };
		064CA94419DA6292006E33F5 /* VGADown.png in Resources */ = {isa = PBXBuildFile; fileRef = 064CA94019DA6292006E33F5 /* VGADown.png */; };
		064CA94519DA6292006E33F5 /* VGANor.png in Resources */ = {isa = PBXBuildFile; fileRef = 064CA94119DA6292006E33F5 /* VGANor.png */; };
		064CA94A19DA62CD006E33F5 /* CVBSDown.png in Resources */ = {isa = PBXBuildFile; fileRef = 064CA94619DA62CD006E33F5 /* CVBSDown.png */; };
		064CA94B19DA62CD006E33F5 /* CVBSNor.png in Resources */ = {isa = PBXBuildFile; fileRef = 064CA94719DA62CD006E33F5 /* CVBSNor.png */; };
		064CA94C19DA62CD006E33F5 /* HDMIDown.png in Resources */ = {isa = PBXBuildFile; fileRef = 064CA94819DA62CD006E33F5 /* HDMIDown.png */; };
		064CA94D19DA62CD006E33F5 /* HDMINor.png in Resources */ = {isa = PBXBuildFile; fileRef = 064CA94919DA62CD006E33F5 /* HDMINor.png */; };
		0661F54919D1181B00756D17 /* main.m in Sources */ = {isa = PBXBuildFile; fileRef = 0661F54819D1181B00756D17 /* main.m */; };
		0661F54C19D1181B00756D17 /* AppDelegate.m in Sources */ = {isa = PBXBuildFile; fileRef = 0661F54B19D1181B00756D17 /* AppDelegate.m */; };
		0661F55419D1181B00756D17 /* Images.xcassets in Resources */ = {isa = PBXBuildFile; fileRef = 0661F55319D1181B00756D17 /* Images.xcassets */; };
		0661F55719D1181B00756D17 /* LaunchScreen.xib in Resources */ = {isa = PBXBuildFile; fileRef = 0661F55519D1181B00756D17 /* LaunchScreen.xib */; };
		0661F56319D1181B00756D17 /* skyInnerSXTests.m in Sources */ = {isa = PBXBuildFile; fileRef = 0661F56219D1181B00756D17 /* skyInnerSXTests.m */; };
		0661F57919D118B000756D17 /* skyInnerViewController.m in Sources */ = {isa = PBXBuildFile; fileRef = 0661F57719D118B000756D17 /* skyInnerViewController.m */; };
		0661F57A19D118B000756D17 /* skyInnerViewController.xib in Resources */ = {isa = PBXBuildFile; fileRef = 0661F57819D118B000756D17 /* skyInnerViewController.xib */; };
		0661F57E19D118DB00756D17 /* skyAppStatus.m in Sources */ = {isa = PBXBuildFile; fileRef = 0661F57D19D118DB00756D17 /* skyAppStatus.m */; };
		0661F58B19D13F8200756D17 /* skyPopBaseViewController.m in Sources */ = {isa = PBXBuildFile; fileRef = 0661F58A19D13F8200756D17 /* skyPopBaseViewController.m */; };
		0661F58F19D1412B00756D17 /* skySettingMainVC.m in Sources */ = {isa = PBXBuildFile; fileRef = 0661F58D19D1412B00756D17 /* skySettingMainVC.m */; };
		0661F59419D141BE00756D17 /* skySettingConnectionVC.m in Sources */ = {isa = PBXBuildFile; fileRef = 0661F59219D141BE00756D17 /* skySettingConnectionVC.m */; };
		0661F59919D141F100756D17 /* skySettingConfigVC.m in Sources */ = {isa = PBXBuildFile; fileRef = 0661F59719D141F100756D17 /* skySettingConfigVC.m */; };
		0661F59E19D1422F00756D17 /* skySettingSignalVC.m in Sources */ = {isa = PBXBuildFile; fileRef = 0661F59C19D1422F00756D17 /* skySettingSignalVC.m */; };
		0661F5A319D1425600756D17 /* skySettingUnitVC.m in Sources */ = {isa = PBXBuildFile; fileRef = 0661F5A119D1425600756D17 /* skySettingUnitVC.m */; };
		0661F5A819D1427D00756D17 /* skyModelViewController.m in Sources */ = {isa = PBXBuildFile; fileRef = 0661F5A619D1427D00756D17 /* skyModelViewController.m */; };
		0661F5B119D143A400756D17 /* skyISXWinPopoverVC.m in Sources */ = {isa = PBXBuildFile; fileRef = 0661F5B019D143A400756D17 /* skyISXWinPopoverVC.m */; };
		0661F5BE19D17AB500756D17 /* skySettingConnection.xib in Resources */ = {isa = PBXBuildFile; fileRef = 0661F5BD19D17AB500756D17 /* skySettingConnection.xib */; };
		0662F45519D4EF1B006FADD7 /* AsyncSocket.m in Sources */ = {isa = PBXBuildFile; fileRef = 0662F45419D4EF1B006FADD7 /* AsyncSocket.m */; settings = {COMPILER_FLAGS = "-fno-objc-arc"; }; };
		0662F45819D4EFDB006FADD7 /* skyInner6M48TVSDK.m in Sources */ = {isa = PBXBuildFile; fileRef = 0662F45719D4EFDB006FADD7 /* skyInner6M48TVSDK.m */; };
		0662F45B19D4EFFF006FADD7 /* skyProtocolAdapter.m in Sources */ = {isa = PBXBuildFile; fileRef = 0662F45A19D4EFFF006FADD7 /* skyProtocolAdapter.m */; };
		0663E9B81AB11D9A00986F4A /* Localizable.strings in Resources */ = {isa = PBXBuildFile; fileRef = 0663E9BA1AB11D9A00986F4A /* Localizable.strings */; };
		0663E9CD1AB1828000986F4A /* Info.plist in Resources */ = {isa = PBXBuildFile; fileRef = 0663E9CC1AB1828000986F4A /* Info.plist */; };
		0663E9D01AB1838800986F4A /* InfoPlist.strings in Resources */ = {isa = PBXBuildFile; fileRef = 0663E9D21AB1838800986F4A /* InfoPlist.strings */; };
		066B23C219D90290005C6A55 /* skyCVBSSignalView.m in Sources */ = {isa = PBXBuildFile; fileRef = 066B23C119D90290005C6A55 /* skyCVBSSignalView.m */; };
		066B23C519D902A7005C6A55 /* skyVGASignalView.m in Sources */ = {isa = PBXBuildFile; fileRef = 066B23C419D902A7005C6A55 /* skyVGASignalView.m */; };
		066B23C819D902BB005C6A55 /* skyHDMISignalView.m in Sources */ = {isa = PBXBuildFile; fileRef = 066B23C719D902BB005C6A55 /* skyHDMISignalView.m */; };
		066B23CB19D902D1005C6A55 /* skyDVISignalView.m in Sources */ = {isa = PBXBuildFile; fileRef = 066B23CA19D902D1005C6A55 /* skyDVISignalView.m */; };
		0677F50A19D3B7E70051AC0C /* skyMenuCell.m in Sources */ = {isa = PBXBuildFile; fileRef = 0677F50819D3B7E70051AC0C /* skyMenuCell.m */; };
		0677F50B19D3B7E70051AC0C /* skyMenuCell.xib in Resources */ = {isa = PBXBuildFile; fileRef = 0677F50919D3B7E70051AC0C /* skyMenuCell.xib */; };
		0677F50D19D3BB2E0051AC0C /* skySettingUnit.xib in Resources */ = {isa = PBXBuildFile; fileRef = 0677F50C19D3BB2E0051AC0C /* skySettingUnit.xib */; };
		0677F51119D3C2890051AC0C /* skyStepperBtnCell.m in Sources */ = {isa = PBXBuildFile; fileRef = 0677F50F19D3C2890051AC0C /* skyStepperBtnCell.m */; };
		0677F51219D3C2890051AC0C /* skyStepperBtnCell.xib in Resources */ = {isa = PBXBuildFile; fileRef = 0677F51019D3C2890051AC0C /* skyStepperBtnCell.xib */; };
		0677F51719D40EC60051AC0C /* skyUnitSelectionVC.m in Sources */ = {isa = PBXBuildFile; fileRef = 0677F51519D40EC60051AC0C /* skyUnitSelectionVC.m */; };
		0677F51819D40EC60051AC0C /* skyUnitSelectionVC.xib in Resources */ = {isa = PBXBuildFile; fileRef = 0677F51619D40EC60051AC0C /* skyUnitSelectionVC.xib */; };
		06A7150119D256E0001DD984 /* skySettingSignal.xib in Resources */ = {isa = PBXBuildFile; fileRef = 06A7150019D256E0001DD984 /* skySettingSignal.xib */; };
		06A7150619D25C35001DD984 /* skyCVBSMatrixSetting.m in Sources */ = {isa = PBXBuildFile; fileRef = 06A7150419D25C35001DD984 /* skyCVBSMatrixSetting.m */; };
		06A7150719D25C35001DD984 /* skyCVBSMatrixSetting.xib in Resources */ = {isa = PBXBuildFile; fileRef = 06A7150519D25C35001DD984 /* skyCVBSMatrixSetting.xib */; };
		06A7150B19D25C51001DD984 /* skyVGAMatrixSetting.m in Sources */ = {isa = PBXBuildFile; fileRef = 06A7150919D25C51001DD984 /* skyVGAMatrixSetting.m */; };
		06A7150C19D25C51001DD984 /* skyVGAMatrixSetting.xib in Resources */ = {isa = PBXBuildFile; fileRef = 06A7150A19D25C51001DD984 /* skyVGAMatrixSetting.xib */; };
		06A7151019D25C6E001DD984 /* skyHDMIMatrixSetting.m in Sources */ = {isa = PBXBuildFile; fileRef = 06A7150E19D25C6E001DD984 /* skyHDMIMatrixSetting.m */; };
		06A7151119D25C6E001DD984 /* skyHDMIMatrixSetting.xib in Resources */ = {isa = PBXBuildFile; fileRef = 06A7150F19D25C6E001DD984 /* skyHDMIMatrixSetting.xib */; };
		06A7151519D25C85001DD984 /* skyDVIMatrixSetting.m in Sources */ = {isa = PBXBuildFile; fileRef = 06A7151319D25C85001DD984 /* skyDVIMatrixSetting.m */; };
		06A7151619D25C85001DD984 /* skyDVIMatrixSetting.xib in Resources */ = {isa = PBXBuildFile; fileRef = 06A7151419D25C85001DD984 /* skyDVIMatrixSetting.xib */; };
		06AF3EF719D1893D007D4E2E /* skySettingConfig.xib in Resources */ = {isa = PBXBuildFile; fileRef = 06AF3EF619D1893D007D4E2E /* skySettingConfig.xib */; };
		06AF3EFB19D191B0007D4E2E /* skyStepperCell.m in Sources */ = {isa = PBXBuildFile; fileRef = 06AF3EF919D191B0007D4E2E /* skyStepperCell.m */; };
		06AF3EFC19D191B0007D4E2E /* skyStepperCell.xib in Resources */ = {isa = PBXBuildFile; fileRef = 06AF3EFA19D191B0007D4E2E /* skyStepperCell.xib */; };
		06C4851119D7B20700780BAC /* skyWinBoarder.m in Sources */ = {isa = PBXBuildFile; fileRef = 06C4851019D7B20700780BAC /* skyWinBoarder.m */; };
/* End PBXBuildFile section */

/* Begin PBXContainerItemProxy section */
		0661F55D19D1181B00756D17 /* PBXContainerItemProxy */ = {
			isa = PBXContainerItemProxy;
			containerPortal = 0661F53B19D1181B00756D17 /* Project object */;
			proxyType = 1;
			remoteGlobalIDString = 0661F54219D1181B00756D17;
			remoteInfo = skyInnerSX;
		};
/* End PBXContainerItemProxy section */

/* Begin PBXFileReference section */
		060947D219D93756007A12C2 /* skyCell1.h */ = {isa = PBXFileReference; fileEncoding = 4; lastKnownFileType = sourcecode.c.h; name = skyCell1.h; path = Cells/skyCell1.h; sourceTree = "<group>"; };
		060947D319D93756007A12C2 /* skyCell1.m */ = {isa = PBXFileReference; fileEncoding = 4; lastKnownFileType = sourcecode.c.objc; name = skyCell1.m; path = Cells/skyCell1.m; sourceTree = "<group>"; };
		060947D419D93756007A12C2 /* skyCell1.xib */ = {isa = PBXFileReference; fileEncoding = 4; lastKnownFileType = file.xib; name = skyCell1.xib; path = Cells/skyCell1.xib; sourceTree = "<group>"; };
		060947D519D93756007A12C2 /* skyCell2.h */ = {isa = PBXFileReference; fileEncoding = 4; lastKnownFileType = sourcecode.c.h; name = skyCell2.h; path = Cells/skyCell2.h; sourceTree = "<group>"; };
		060947D619D93756007A12C2 /* skyCell2.m */ = {isa = PBXFileReference; fileEncoding = 4; lastKnownFileType = sourcecode.c.objc; name = skyCell2.m; path = Cells/skyCell2.m; sourceTree = "<group>"; };
		060947D719D93756007A12C2 /* skyCell2.xib */ = {isa = PBXFileReference; fileEncoding = 4; lastKnownFileType = file.xib; name = skyCell2.xib; path = Cells/skyCell2.xib; sourceTree = "<group>"; };
		060C64D619D508B400E67106 /* CFNetwork.framework */ = {isa = PBXFileReference; lastKnownFileType = wrapper.framework; name = CFNetwork.framework; path = System/Library/Frameworks/CFNetwork.framework; sourceTree = SDKROOT; };
		060C64D919D50BF700E67106 /* CoreGraphics.framework */ = {isa = PBXFileReference; lastKnownFileType = wrapper.framework; name = CoreGraphics.framework; path = System/Library/Frameworks/CoreGraphics.framework; sourceTree = SDKROOT; };
		060C64DB19D50CC300E67106 /* definitions.h */ = {isa = PBXFileReference; lastKnownFileType = sourcecode.c.h; name = definitions.h; path = "App Datas/definitions.h"; sourceTree = "<group>"; };
		060C64DC19D54CC600E67106 /* skyUnderPaint.h */ = {isa = PBXFileReference; fileEncoding = 4; lastKnownFileType = sourcecode.c.h; name = skyUnderPaint.h; path = "ISX View/skyUnderPaint.h"; sourceTree = "<group>"; };
		060C64DD19D54CC600E67106 /* skyUnderPaint.m */ = {isa = PBXFileReference; fileEncoding = 4; lastKnownFileType = sourcecode.c.objc; name = skyUnderPaint.m; path = "ISX View/skyUnderPaint.m"; sourceTree = "<group>"; };
		060C64DF19D54D0500E67106 /* skyISXWin.h */ = {isa = PBXFileReference; fileEncoding = 4; lastKnownFileType = sourcecode.c.h; name = skyISXWin.h; path = "ISX View/skyISXWin.h"; sourceTree = "<group>"; };
		060C64E019D54D0500E67106 /* skyISXWin.m */ = {isa = PBXFileReference; fileEncoding = 4; lastKnownFileType = sourcecode.c.objc; name = skyISXWin.m; path = "ISX View/skyISXWin.m"; sourceTree = "<group>"; };
		0631A1CC19D2980500439139 /* skySliderCell.h */ = {isa = PBXFileReference; fileEncoding = 4; lastKnownFileType = sourcecode.c.h; name = skySliderCell.h; path = Cells/skySliderCell.h; sourceTree = "<group>"; };
		0631A1CD19D2980500439139 /* skySliderCell.m */ = {isa = PBXFileReference; fileEncoding = 4; lastKnownFileType = sourcecode.c.objc; name = skySliderCell.m; path = Cells/skySliderCell.m; sourceTree = "<group>"; };
		0631A1CE19D2980500439139 /* skySliderCell.xib */ = {isa = PBXFileReference; fileEncoding = 4; lastKnownFileType = file.xib; name = skySliderCell.xib; path = Cells/skySliderCell.xib; sourceTree = "<group>"; };
		064CA8EB19DA4A0F006E33F5 /* background.bmp */ = {isa = PBXFileReference; lastKnownFileType = image.bmp; name = background.bmp; path = Resources/background.bmp; sourceTree = "<group>"; };
		064CA8EC19DA4A0F006E33F5 /* cvbs_switch.png */ = {isa = PBXFileReference; lastKnownFileType = image.png; name = cvbs_switch.png; path = Resources/cvbs_switch.png; sourceTree = "<group>"; };
		064CA8ED19DA4A0F006E33F5 /* CVBSCardDown.png */ = {isa = PBXFileReference; lastKnownFileType = image.png; name = CVBSCardDown.png; path = Resources/CVBSCardDown.png; sourceTree = "<group>"; };
		064CA8EE19DA4A0F006E33F5 /* dvi_switch.png */ = {isa = PBXFileReference; lastKnownFileType = image.png; name = dvi_switch.png; path = Resources/dvi_switch.png; sourceTree = "<group>"; };
		064CA8EF19DA4A0F006E33F5 /* DVICardDown.png */ = {isa = PBXFileReference; lastKnownFileType = image.png; name = DVICardDown.png; path = Resources/DVICardDown.png; sourceTree = "<group>"; };
		064CA8F019DA4A0F006E33F5 /* hdmi_switch.png */ = {isa = PBXFileReference; lastKnownFileType = image.png; name = hdmi_switch.png; path = Resources/hdmi_switch.png; sourceTree = "<group>"; };
		064CA8F119DA4A0F006E33F5 /* HDMICardDown.png */ = {isa = PBXFileReference; lastKnownFileType = image.png; name = HDMICardDown.png; path = Resources/HDMICardDown.png; sourceTree = "<group>"; };
		064CA8F219DA4A0F006E33F5 /* SMC_Logo.jpg */ = {isa = PBXFileReference; lastKnownFileType = image.jpeg; name = SMC_Logo.jpg; path = Resources/SMC_Logo.jpg; sourceTree = "<group>"; };
		064CA8F319DA4A0F006E33F5 /* vga_switch.png */ = {isa = PBXFileReference; lastKnownFileType = image.png; name = vga_switch.png; path = Resources/vga_switch.png; sourceTree = "<group>"; };
		064CA8F419DA4A0F006E33F5 /* VGACardDown.png */ = {isa = PBXFileReference; lastKnownFileType = image.png; name = VGACardDown.png; path = Resources/VGACardDown.png; sourceTree = "<group>"; };
		064CA8F519DA4A0F006E33F5 /* BigPic.png */ = {isa = PBXFileReference; lastKnownFileType = image.png; name = BigPic.png; path = Resources/BigPic.png; sourceTree = "<group>"; };
		064CA8F619DA4A0F006E33F5 /* ConnSet.png */ = {isa = PBXFileReference; lastKnownFileType = image.png; name = ConnSet.png; path = Resources/ConnSet.png; sourceTree = "<group>"; };
		064CA8F719DA4A0F006E33F5 /* DownAccessory.png */ = {isa = PBXFileReference; lastKnownFileType = image.png; name = DownAccessory.png; path = Resources/DownAccessory.png; sourceTree = "<group>"; };
		064CA8F819DA4A0F006E33F5 /* DownAccessory@2x.png */ = {isa = PBXFileReference; lastKnownFileType = image.png; name = "DownAccessory@2x.png"; path = "Resources/DownAccessory@2x.png"; sourceTree = "<group>"; };
		064CA8F919DA4A0F006E33F5 /* ProtocalSet.png */ = {isa = PBXFileReference; lastKnownFileType = image.png; name = ProtocalSet.png; path = Resources/ProtocalSet.png; sourceTree = "<group>"; };
		064CA8FA19DA4A0F006E33F5 /* SCXSet.png */ = {isa = PBXFileReference; lastKnownFileType = image.png; name = SCXSet.png; path = Resources/SCXSet.png; sourceTree = "<group>"; };
		064CA8FB19DA4A0F006E33F5 /* scxWin_Btn_Normal.png */ = {isa = PBXFileReference; lastKnownFileType = image.png; name = scxWin_Btn_Normal.png; path = Resources/scxWin_Btn_Normal.png; sourceTree = "<group>"; };
		064CA8FC19DA4A0F006E33F5 /* scxWin_Btn_Select.png */ = {isa = PBXFileReference; lastKnownFileType = image.png; name = scxWin_Btn_Select.png; path = Resources/scxWin_Btn_Select.png; sourceTree = "<group>"; };
		064CA8FD19DA4A0F006E33F5 /* signal_Card-Small.png */ = {isa = PBXFileReference; lastKnownFileType = image.png; name = "signal_Card-Small.png"; path = "Resources/signal_Card-Small.png"; sourceTree = "<group>"; };
		064CA8FE19DA4A0F006E33F5 /* signal_CVBS-Small.png */ = {isa = PBXFileReference; lastKnownFileType = image.png; name = "signal_CVBS-Small.png"; path = "Resources/signal_CVBS-Small.png"; sourceTree = "<group>"; };
		064CA8FF19DA4A0F006E33F5 /* signal_DVI-Small.png */ = {isa = PBXFileReference; lastKnownFileType = image.png; name = "signal_DVI-Small.png"; path = "Resources/signal_DVI-Small.png"; sourceTree = "<group>"; };
		064CA90019DA4A0F006E33F5 /* signal_HDMI-Small.png */ = {isa = PBXFileReference; lastKnownFileType = image.png; name = "signal_HDMI-Small.png"; path = "Resources/signal_HDMI-Small.png"; sourceTree = "<group>"; };
		064CA90119DA4A0F006E33F5 /* signal_VGA-Small.png */ = {isa = PBXFileReference; lastKnownFileType = image.png; name = "signal_VGA-Small.png"; path = "Resources/signal_VGA-Small.png"; sourceTree = "<group>"; };
		064CA90219DA4A0F006E33F5 /* SignalSet.png */ = {isa = PBXFileReference; lastKnownFileType = image.png; name = SignalSet.png; path = Resources/SignalSet.png; sourceTree = "<group>"; };
		064CA90319DA4A0F006E33F5 /* toolbarDrawMode.png */ = {isa = PBXFileReference; lastKnownFileType = image.png; name = toolbarDrawMode.png; path = Resources/toolbarDrawMode.png; sourceTree = "<group>"; };
		064CA90419DA4A0F006E33F5 /* toolbarDrawModeHide.png */ = {isa = PBXFileReference; lastKnownFileType = image.png; name = toolbarDrawModeHide.png; path = Resources/toolbarDrawModeHide.png; sourceTree = "<group>"; };
		064CA90519DA4A0F006E33F5 /* Unit.png */ = {isa = PBXFileReference; lastKnownFileType = image.png; name = Unit.png; path = Resources/Unit.png; sourceTree = "<group>"; };
		064CA90619DA4A0F006E33F5 /* UpAccessory.png */ = {isa = PBXFileReference; lastKnownFileType = image.png; name = UpAccessory.png; path = Resources/UpAccessory.png; sourceTree = "<group>"; };
		064CA90719DA4A0F006E33F5 /* UpAccessory@2x.png */ = {isa = PBXFileReference; lastKnownFileType = image.png; name = "UpAccessory@2x.png"; path = "Resources/UpAccessory@2x.png"; sourceTree = "<group>"; };
		064CA92519DA4A2A006E33F5 /* skyModelCell.h */ = {isa = PBXFileReference; fileEncoding = 4; lastKnownFileType = sourcecode.c.h; name = skyModelCell.h; path = Cells/skyModelCell.h; sourceTree = "<group>"; };
		064CA92619DA4A2A006E33F5 /* skyModelCell.m */ = {isa = PBXFileReference; fileEncoding = 4; lastKnownFileType = sourcecode.c.objc; name = skyModelCell.m; path = Cells/skyModelCell.m; sourceTree = "<group>"; };
		064CA92719DA4A2A006E33F5 /* skyModelCell.xib */ = {isa = PBXFileReference; fileEncoding = 4; lastKnownFileType = file.xib; name = skyModelCell.xib; path = Cells/skyModelCell.xib; sourceTree = "<group>"; };
		064CA92A19DA4A98006E33F5 /* notsaved.png */ = {isa = PBXFileReference; lastKnownFileType = image.png; name = notsaved.png; path = Resources/notsaved.png; sourceTree = "<group>"; };
		064CA92C19DA5660006E33F5 /* skyExternViewController.h */ = {isa = PBXFileReference; fileEncoding = 4; lastKnownFileType = sourcecode.c.h; name = skyExternViewController.h; path = Controllers/skyExternViewController.h; sourceTree = "<group>"; };
		064CA92D19DA5660006E33F5 /* skyExternViewController.m */ = {isa = PBXFileReference; fileEncoding = 4; lastKnownFileType = sourcecode.c.objc; name = skyExternViewController.m; path = Controllers/skyExternViewController.m; sourceTree = "<group>"; };
		064CA92E19DA5660006E33F5 /* skyExternWin.h */ = {isa = PBXFileReference; fileEncoding = 4; lastKnownFileType = sourcecode.c.h; name = skyExternWin.h; path = Controllers/skyExternWin.h; sourceTree = "<group>"; };
		064CA92F19DA5660006E33F5 /* skyExternWin.m */ = {isa = PBXFileReference; fileEncoding = 4; lastKnownFileType = sourcecode.c.objc; name = skyExternWin.m; path = Controllers/skyExternWin.m; sourceTree = "<group>"; };
		064CA93319DA5AC8006E33F5 /* skyExternViewController+skyExternViewCategory.h */ = {isa = PBXFileReference; fileEncoding = 4; lastKnownFileType = sourcecode.c.h; name = "skyExternViewController+skyExternViewCategory.h"; path = "Category/skyExternViewController+skyExternViewCategory.h"; sourceTree = "<group>"; };
		064CA93419DA5AC8006E33F5 /* skyExternViewController+skyExternViewCategory.m */ = {isa = PBXFileReference; fileEncoding = 4; lastKnownFileType = sourcecode.c.objc; name = "skyExternViewController+skyExternViewCategory.m"; path = "Category/skyExternViewController+skyExternViewCategory.m"; sourceTree = "<group>"; };
		064CA93E19DA6292006E33F5 /* DVIDown.png */ = {isa = PBXFileReference; lastKnownFileType = image.png; name = DVIDown.png; path = Resources/DVIDown.png; sourceTree = "<group>"; };
		064CA93F19DA6292006E33F5 /* DVINor.png */ = {isa = PBXFileReference; lastKnownFileType = image.png; name = DVINor.png; path = Resources/DVINor.png; sourceTree = "<group>"; };
		064CA94019DA6292006E33F5 /* VGADown.png */ = {isa = PBXFileReference; lastKnownFileType = image.png; name = VGADown.png; path = Resources/VGADown.png; sourceTree = "<group>"; };
		064CA94119DA6292006E33F5 /* VGANor.png */ = {isa = PBXFileReference; lastKnownFileType = image.png; name = VGANor.png; path = Resources/VGANor.png; sourceTree = "<group>"; };
		064CA94619DA62CD006E33F5 /* CVBSDown.png */ = {isa = PBXFileReference; lastKnownFileType = image.png; name = CVBSDown.png; path = Resources/CVBSDown.png; sourceTree = "<group>"; };
		064CA94719DA62CD006E33F5 /* CVBSNor.png */ = {isa = PBXFileReference; lastKnownFileType = image.png; name = CVBSNor.png; path = Resources/CVBSNor.png; sourceTree = "<group>"; };
		064CA94819DA62CD006E33F5 /* HDMIDown.png */ = {isa = PBXFileReference; lastKnownFileType = image.png; name = HDMIDown.png; path = Resources/HDMIDown.png; sourceTree = "<group>"; };
		064CA94919DA62CD006E33F5 /* HDMINor.png */ = {isa = PBXFileReference; lastKnownFileType = image.png; name = HDMINor.png; path = Resources/HDMINor.png; sourceTree = "<group>"; };
		0661F54319D1181B00756D17 /* skyInnerSX.app */ = {isa = PBXFileReference; explicitFileType = wrapper.application; includeInIndex = 0; path = skyInnerSX.app; sourceTree = BUILT_PRODUCTS_DIR; };
		0661F54819D1181B00756D17 /* main.m */ = {isa = PBXFileReference; lastKnownFileType = sourcecode.c.objc; path = main.m; sourceTree = "<group>"; };
		0661F54A19D1181B00756D17 /* AppDelegate.h */ = {isa = PBXFileReference; lastKnownFileType = sourcecode.c.h; path = AppDelegate.h; sourceTree = "<group>"; };
		0661F54B19D1181B00756D17 /* AppDelegate.m */ = {isa = PBXFileReference; lastKnownFileType = sourcecode.c.objc; path = AppDelegate.m; sourceTree = "<group>"; };
		0661F55319D1181B00756D17 /* Images.xcassets */ = {isa = PBXFileReference; lastKnownFileType = folder.assetcatalog; path = Images.xcassets; sourceTree = "<group>"; };
		0661F55619D1181B00756D17 /* Base */ = {isa = PBXFileReference; lastKnownFileType = file.xib; name = Base; path = Base.lproj/LaunchScreen.xib; sourceTree = "<group>"; };
		0661F55C19D1181B00756D17 /* skyInnerSXTests.xctest */ = {isa = PBXFileReference; explicitFileType = wrapper.cfbundle; includeInIndex = 0; path = skyInnerSXTests.xctest; sourceTree = BUILT_PRODUCTS_DIR; };
		0661F56119D1181B00756D17 /* Info.plist */ = {isa = PBXFileReference; lastKnownFileType = text.plist.xml; path = Info.plist; sourceTree = "<group>"; };
		0661F56219D1181B00756D17 /* skyInnerSXTests.m */ = {isa = PBXFileReference; lastKnownFileType = sourcecode.c.objc; path = skyInnerSXTests.m; sourceTree = "<group>"; };
		0661F57619D118B000756D17 /* skyInnerViewController.h */ = {isa = PBXFileReference; fileEncoding = 4; lastKnownFileType = sourcecode.c.h; name = skyInnerViewController.h; path = Controllers/skyInnerViewController.h; sourceTree = "<group>"; };
		0661F57719D118B000756D17 /* skyInnerViewController.m */ = {isa = PBXFileReference; fileEncoding = 4; lastKnownFileType = sourcecode.c.objc; name = skyInnerViewController.m; path = Controllers/skyInnerViewController.m; sourceTree = "<group>"; };
		0661F57819D118B000756D17 /* skyInnerViewController.xib */ = {isa = PBXFileReference; fileEncoding = 4; lastKnownFileType = file.xib; name = skyInnerViewController.xib; path = Controllers/skyInnerViewController.xib; sourceTree = "<group>"; };
		0661F57C19D118DB00756D17 /* skyAppStatus.h */ = {isa = PBXFileReference; fileEncoding = 4; lastKnownFileType = sourcecode.c.h; name = skyAppStatus.h; path = "App Datas/skyAppStatus.h"; sourceTree = "<group>"; };
		0661F57D19D118DB00756D17 /* skyAppStatus.m */ = {isa = PBXFileReference; fileEncoding = 4; lastKnownFileType = sourcecode.c.objc; name = skyAppStatus.m; path = "App Datas/skyAppStatus.m"; sourceTree = "<group>"; };
		0661F58919D13F8200756D17 /* skyPopBaseViewController.h */ = {isa = PBXFileReference; fileEncoding = 4; lastKnownFileType = sourcecode.c.h; name = skyPopBaseViewController.h; path = "Popover Views/Base Popover Controller/skyPopBaseViewController.h"; sourceTree = "<group>"; };
		0661F58A19D13F8200756D17 /* skyPopBaseViewController.m */ = {isa = PBXFileReference; fileEncoding = 4; lastKnownFileType = sourcecode.c.objc; name = skyPopBaseViewController.m; path = "Popover Views/Base Popover Controller/skyPopBaseViewController.m"; sourceTree = "<group>"; };
		0661F58C19D1412B00756D17 /* skySettingMainVC.h */ = {isa = PBXFileReference; fileEncoding = 4; lastKnownFileType = sourcecode.c.h; name = skySettingMainVC.h; path = "Popover Views/Settings Popover View/skySettingMainVC.h"; sourceTree = "<group>"; };
		0661F58D19D1412B00756D17 /* skySettingMainVC.m */ = {isa = PBXFileReference; fileEncoding = 4; lastKnownFileType = sourcecode.c.objc; name = skySettingMainVC.m; path = "Popover Views/Settings Popover View/skySettingMainVC.m"; sourceTree = "<group>"; };
		0661F59119D141BE00756D17 /* skySettingConnectionVC.h */ = {isa = PBXFileReference; fileEncoding = 4; lastKnownFileType = sourcecode.c.h; name = skySettingConnectionVC.h; path = "Popover Views/Settings Popover View/skySettingConnectionVC.h"; sourceTree = "<group>"; };
		0661F59219D141BE00756D17 /* skySettingConnectionVC.m */ = {isa = PBXFileReference; fileEncoding = 4; lastKnownFileType = sourcecode.c.objc; name = skySettingConnectionVC.m; path = "Popover Views/Settings Popover View/skySettingConnectionVC.m"; sourceTree = "<group>"; };
		0661F59619D141F100756D17 /* skySettingConfigVC.h */ = {isa = PBXFileReference; fileEncoding = 4; lastKnownFileType = sourcecode.c.h; name = skySettingConfigVC.h; path = "Popover Views/Settings Popover View/skySettingConfigVC.h"; sourceTree = "<group>"; };
		0661F59719D141F100756D17 /* skySettingConfigVC.m */ = {isa = PBXFileReference; fileEncoding = 4; lastKnownFileType = sourcecode.c.objc; name = skySettingConfigVC.m; path = "Popover Views/Settings Popover View/skySettingConfigVC.m"; sourceTree = "<group>"; };
		0661F59B19D1422F00756D17 /* skySettingSignalVC.h */ = {isa = PBXFileReference; fileEncoding = 4; lastKnownFileType = sourcecode.c.h; name = skySettingSignalVC.h; path = "Popover Views/Settings Popover View/skySettingSignalVC.h"; sourceTree = "<group>"; };
		0661F59C19D1422F00756D17 /* skySettingSignalVC.m */ = {isa = PBXFileReference; fileEncoding = 4; lastKnownFileType = sourcecode.c.objc; name = skySettingSignalVC.m; path = "Popover Views/Settings Popover View/skySettingSignalVC.m"; sourceTree = "<group>"; };
		0661F5A019D1425600756D17 /* skySettingUnitVC.h */ = {isa = PBXFileReference; fileEncoding = 4; lastKnownFileType = sourcecode.c.h; name = skySettingUnitVC.h; path = "Popover Views/Settings Popover View/skySettingUnitVC.h"; sourceTree = "<group>"; };
		0661F5A119D1425600756D17 /* skySettingUnitVC.m */ = {isa = PBXFileReference; fileEncoding = 4; lastKnownFileType = sourcecode.c.objc; name = skySettingUnitVC.m; path = "Popover Views/Settings Popover View/skySettingUnitVC.m"; sourceTree = "<group>"; };
		0661F5A519D1427D00756D17 /* skyModelViewController.h */ = {isa = PBXFileReference; fileEncoding = 4; lastKnownFileType = sourcecode.c.h; name = skyModelViewController.h; path = "Popover Views/Model Popover View/skyModelViewController.h"; sourceTree = "<group>"; };
		0661F5A619D1427D00756D17 /* skyModelViewController.m */ = {isa = PBXFileReference; fileEncoding = 4; lastKnownFileType = sourcecode.c.objc; name = skyModelViewController.m; path = "Popover Views/Model Popover View/skyModelViewController.m"; sourceTree = "<group>"; };
		0661F5AF19D143A400756D17 /* skyISXWinPopoverVC.h */ = {isa = PBXFileReference; fileEncoding = 4; lastKnownFileType = sourcecode.c.h; name = skyISXWinPopoverVC.h; path = "Popover Views/ISXWin Popover View/skyISXWinPopoverVC.h"; sourceTree = "<group>"; };
		0661F5B019D143A400756D17 /* skyISXWinPopoverVC.m */ = {isa = PBXFileReference; fileEncoding = 4; lastKnownFileType = sourcecode.c.objc; name = skyISXWinPopoverVC.m; path = "Popover Views/ISXWin Popover View/skyISXWinPopoverVC.m"; sourceTree = "<group>"; };
		0661F5BD19D17AB500756D17 /* skySettingConnection.xib */ = {isa = PBXFileReference; fileEncoding = 4; lastKnownFileType = file.xib; name = skySettingConnection.xib; path = "Popover Views/Settings Popover View/skySettingConnection.xib"; sourceTree = "<group>"; };
		0662F45319D4EF1B006FADD7 /* AsyncSocket.h */ = {isa = PBXFileReference; fileEncoding = 4; lastKnownFileType = sourcecode.c.h; name = AsyncSocket.h; path = Net/AsyncSocket.h; sourceTree = "<group>"; };
		0662F45419D4EF1B006FADD7 /* AsyncSocket.m */ = {isa = PBXFileReference; fileEncoding = 4; lastKnownFileType = sourcecode.c.objc; name = AsyncSocket.m; path = Net/AsyncSocket.m; sourceTree = "<group>"; };
		0662F45619D4EFDB006FADD7 /* skyInner6M48TVSDK.h */ = {isa = PBXFileReference; fileEncoding = 4; lastKnownFileType = sourcecode.c.h; name = skyInner6M48TVSDK.h; path = SDKS/skyInner6M48TVSDK.h; sourceTree = "<group>"; };
		0662F45719D4EFDB006FADD7 /* skyInner6M48TVSDK.m */ = {isa = PBXFileReference; fileEncoding = 4; lastKnownFileType = sourcecode.c.objc; name = skyInner6M48TVSDK.m; path = SDKS/skyInner6M48TVSDK.m; sourceTree = "<group>"; };
		0662F45919D4EFFF006FADD7 /* skyProtocolAdapter.h */ = {isa = PBXFileReference; fileEncoding = 4; lastKnownFileType = sourcecode.c.h; name = skyProtocolAdapter.h; path = "Protocol Adapter/skyProtocolAdapter.h"; sourceTree = "<group>"; };
		0662F45A19D4EFFF006FADD7 /* skyProtocolAdapter.m */ = {isa = PBXFileReference; fileEncoding = 4; lastKnownFileType = sourcecode.c.objc; name = skyProtocolAdapter.m; path = "Protocol Adapter/skyProtocolAdapter.m"; sourceTree = "<group>"; };
		0663E9B91AB11D9A00986F4A /* Base */ = {isa = PBXFileReference; lastKnownFileType = text.plist.strings; name = Base; path = Base.lproj/Localizable.strings; sourceTree = "<group>"; };
		0663E9BB1AB11D9D00986F4A /* en */ = {isa = PBXFileReference; lastKnownFileType = text.plist.strings; name = en; path = en.lproj/Localizable.strings; sourceTree = "<group>"; };
		0663E9CC1AB1828000986F4A /* Info.plist */ = {isa = PBXFileReference; fileEncoding = 4; lastKnownFileType = text.plist.xml; path = Info.plist; sourceTree = "<group>"; };
		0663E9D11AB1838800986F4A /* en */ = {isa = PBXFileReference; lastKnownFileType = text.plist.strings; name = en; path = en.lproj/InfoPlist.strings; sourceTree = "<group>"; };
		0663E9D31AB1838900986F4A /* Base */ = {isa = PBXFileReference; lastKnownFileType = text.plist.strings; name = Base; path = Base.lproj/InfoPlist.strings; sourceTree = "<group>"; };
		066B23C019D90290005C6A55 /* skyCVBSSignalView.h */ = {isa = PBXFileReference; fileEncoding = 4; lastKnownFileType = sourcecode.c.h; name = skyCVBSSignalView.h; path = "Popover Views/Signal Popover View/skyCVBSSignalView.h"; sourceTree = "<group>"; };
		066B23C119D90290005C6A55 /* skyCVBSSignalView.m */ = {isa = PBXFileReference; fileEncoding = 4; lastKnownFileType = sourcecode.c.objc; name = skyCVBSSignalView.m; path = "Popover Views/Signal Popover View/skyCVBSSignalView.m"; sourceTree = "<group>"; };
		066B23C319D902A7005C6A55 /* skyVGASignalView.h */ = {isa = PBXFileReference; fileEncoding = 4; lastKnownFileType = sourcecode.c.h; name = skyVGASignalView.h; path = "Popover Views/Signal Popover View/skyVGASignalView.h"; sourceTree = "<group>"; };
		066B23C419D902A7005C6A55 /* skyVGASignalView.m */ = {isa = PBXFileReference; fileEncoding = 4; lastKnownFileType = sourcecode.c.objc; name = skyVGASignalView.m; path = "Popover Views/Signal Popover View/skyVGASignalView.m"; sourceTree = "<group>"; };
		066B23C619D902BB005C6A55 /* skyHDMISignalView.h */ = {isa = PBXFileReference; fileEncoding = 4; lastKnownFileType = sourcecode.c.h; name = skyHDMISignalView.h; path = "Popover Views/Signal Popover View/skyHDMISignalView.h"; sourceTree = "<group>"; };
		066B23C719D902BB005C6A55 /* skyHDMISignalView.m */ = {isa = PBXFileReference; fileEncoding = 4; lastKnownFileType = sourcecode.c.objc; name = skyHDMISignalView.m; path = "Popover Views/Signal Popover View/skyHDMISignalView.m"; sourceTree = "<group>"; };
		066B23C919D902D1005C6A55 /* skyDVISignalView.h */ = {isa = PBXFileReference; fileEncoding = 4; lastKnownFileType = sourcecode.c.h; name = skyDVISignalView.h; path = "Popover Views/Signal Popover View/skyDVISignalView.h"; sourceTree = "<group>"; };
		066B23CA19D902D1005C6A55 /* skyDVISignalView.m */ = {isa = PBXFileReference; fileEncoding = 4; lastKnownFileType = sourcecode.c.objc; name = skyDVISignalView.m; path = "Popover Views/Signal Popover View/skyDVISignalView.m"; sourceTree = "<group>"; };
		0677F50719D3B7E70051AC0C /* skyMenuCell.h */ = {isa = PBXFileReference; fileEncoding = 4; lastKnownFileType = sourcecode.c.h; name = skyMenuCell.h; path = Cells/skyMenuCell.h; sourceTree = "<group>"; };
		0677F50819D3B7E70051AC0C /* skyMenuCell.m */ = {isa = PBXFileReference; fileEncoding = 4; lastKnownFileType = sourcecode.c.objc; name = skyMenuCell.m; path = Cells/skyMenuCell.m; sourceTree = "<group>"; };
		0677F50919D3B7E70051AC0C /* skyMenuCell.xib */ = {isa = PBXFileReference; fileEncoding = 4; lastKnownFileType = file.xib; name = skyMenuCell.xib; path = Cells/skyMenuCell.xib; sourceTree = "<group>"; };
		0677F50C19D3BB2E0051AC0C /* skySettingUnit.xib */ = {isa = PBXFileReference; fileEncoding = 4; lastKnownFileType = file.xib; name = skySettingUnit.xib; path = "Popover Views/Settings Popover View/skySettingUnit.xib"; sourceTree = "<group>"; };
		0677F50E19D3C2890051AC0C /* skyStepperBtnCell.h */ = {isa = PBXFileReference; fileEncoding = 4; lastKnownFileType = sourcecode.c.h; name = skyStepperBtnCell.h; path = Cells/skyStepperBtnCell.h; sourceTree = "<group>"; };
		0677F50F19D3C2890051AC0C /* skyStepperBtnCell.m */ = {isa = PBXFileReference; fileEncoding = 4; lastKnownFileType = sourcecode.c.objc; name = skyStepperBtnCell.m; path = Cells/skyStepperBtnCell.m; sourceTree = "<group>"; };
		0677F51019D3C2890051AC0C /* skyStepperBtnCell.xib */ = {isa = PBXFileReference; fileEncoding = 4; lastKnownFileType = file.xib; name = skyStepperBtnCell.xib; path = Cells/skyStepperBtnCell.xib; sourceTree = "<group>"; };
		0677F51419D40EC60051AC0C /* skyUnitSelectionVC.h */ = {isa = PBXFileReference; fileEncoding = 4; lastKnownFileType = sourcecode.c.h; name = skyUnitSelectionVC.h; path = "Popover Views/Unit Selection Popover/skyUnitSelectionVC.h"; sourceTree = "<group>"; };
		0677F51519D40EC60051AC0C /* skyUnitSelectionVC.m */ = {isa = PBXFileReference; fileEncoding = 4; lastKnownFileType = sourcecode.c.objc; name = skyUnitSelectionVC.m; path = "Popover Views/Unit Selection Popover/skyUnitSelectionVC.m"; sourceTree = "<group>"; };
		0677F51619D40EC60051AC0C /* skyUnitSelectionVC.xib */ = {isa = PBXFileReference; fileEncoding = 4; lastKnownFileType = file.xib; name = skyUnitSelectionVC.xib; path = "Popover Views/Unit Selection Popover/skyUnitSelectionVC.xib"; sourceTree = "<group>"; };
		06A7150019D256E0001DD984 /* skySettingSignal.xib */ = {isa = PBXFileReference; fileEncoding = 4; lastKnownFileType = file.xib; name = skySettingSignal.xib; path = "Popover Views/Settings Popover View/skySettingSignal.xib"; sourceTree = "<group>"; };
		06A7150319D25C35001DD984 /* skyCVBSMatrixSetting.h */ = {isa = PBXFileReference; fileEncoding = 4; lastKnownFileType = sourcecode.c.h; name = skyCVBSMatrixSetting.h; path = "Popover Views/MatrixSetting Popover View/skyCVBSMatrixSetting.h"; sourceTree = "<group>"; };
		06A7150419D25C35001DD984 /* skyCVBSMatrixSetting.m */ = {isa = PBXFileReference; fileEncoding = 4; lastKnownFileType = sourcecode.c.objc; name = skyCVBSMatrixSetting.m; path = "Popover Views/MatrixSetting Popover View/skyCVBSMatrixSetting.m"; sourceTree = "<group>"; };
		06A7150519D25C35001DD984 /* skyCVBSMatrixSetting.xib */ = {isa = PBXFileReference; fileEncoding = 4; lastKnownFileType = file.xib; name = skyCVBSMatrixSetting.xib; path = "Popover Views/MatrixSetting Popover View/skyCVBSMatrixSetting.xib"; sourceTree = "<group>"; };
		06A7150819D25C51001DD984 /* skyVGAMatrixSetting.h */ = {isa = PBXFileReference; fileEncoding = 4; lastKnownFileType = sourcecode.c.h; name = skyVGAMatrixSetting.h; path = "Popover Views/MatrixSetting Popover View/skyVGAMatrixSetting.h"; sourceTree = "<group>"; };
		06A7150919D25C51001DD984 /* skyVGAMatrixSetting.m */ = {isa = PBXFileReference; fileEncoding = 4; lastKnownFileType = sourcecode.c.objc; name = skyVGAMatrixSetting.m; path = "Popover Views/MatrixSetting Popover View/skyVGAMatrixSetting.m"; sourceTree = "<group>"; };
		06A7150A19D25C51001DD984 /* skyVGAMatrixSetting.xib */ = {isa = PBXFileReference; fileEncoding = 4; lastKnownFileType = file.xib; name = skyVGAMatrixSetting.xib; path = "Popover Views/MatrixSetting Popover View/skyVGAMatrixSetting.xib"; sourceTree = "<group>"; };
		06A7150D19D25C6E001DD984 /* skyHDMIMatrixSetting.h */ = {isa = PBXFileReference; fileEncoding = 4; lastKnownFileType = sourcecode.c.h; name = skyHDMIMatrixSetting.h; path = "Popover Views/MatrixSetting Popover View/skyHDMIMatrixSetting.h"; sourceTree = "<group>"; };
		06A7150E19D25C6E001DD984 /* skyHDMIMatrixSetting.m */ = {isa = PBXFileReference; fileEncoding = 4; lastKnownFileType = sourcecode.c.objc; name = skyHDMIMatrixSetting.m; path = "Popover Views/MatrixSetting Popover View/skyHDMIMatrixSetting.m"; sourceTree = "<group>"; };
		06A7150F19D25C6E001DD984 /* skyHDMIMatrixSetting.xib */ = {isa = PBXFileReference; fileEncoding = 4; lastKnownFileType = file.xib; name = skyHDMIMatrixSetting.xib; path = "Popover Views/MatrixSetting Popover View/skyHDMIMatrixSetting.xib"; sourceTree = "<group>"; };
		06A7151219D25C85001DD984 /* skyDVIMatrixSetting.h */ = {isa = PBXFileReference; fileEncoding = 4; lastKnownFileType = sourcecode.c.h; name = skyDVIMatrixSetting.h; path = "Popover Views/MatrixSetting Popover View/skyDVIMatrixSetting.h"; sourceTree = "<group>"; };
		06A7151319D25C85001DD984 /* skyDVIMatrixSetting.m */ = {isa = PBXFileReference; fileEncoding = 4; lastKnownFileType = sourcecode.c.objc; name = skyDVIMatrixSetting.m; path = "Popover Views/MatrixSetting Popover View/skyDVIMatrixSetting.m"; sourceTree = "<group>"; };
		06A7151419D25C85001DD984 /* skyDVIMatrixSetting.xib */ = {isa = PBXFileReference; fileEncoding = 4; lastKnownFileType = file.xib; name = skyDVIMatrixSetting.xib; path = "Popover Views/MatrixSetting Popover View/skyDVIMatrixSetting.xib"; sourceTree = "<group>"; };
		06AF3EF619D1893D007D4E2E /* skySettingConfig.xib */ = {isa = PBXFileReference; fileEncoding = 4; lastKnownFileType = file.xib; name = skySettingConfig.xib; path = "Popover Views/Settings Popover View/skySettingConfig.xib"; sourceTree = "<group>"; };
		06AF3EF819D191B0007D4E2E /* skyStepperCell.h */ = {isa = PBXFileReference; fileEncoding = 4; lastKnownFileType = sourcecode.c.h; name = skyStepperCell.h; path = Cells/skyStepperCell.h; sourceTree = "<group>"; };
		06AF3EF919D191B0007D4E2E /* skyStepperCell.m */ = {isa = PBXFileReference; fileEncoding = 4; lastKnownFileType = sourcecode.c.objc; name = skyStepperCell.m; path = Cells/skyStepperCell.m; sourceTree = "<group>"; };
		06AF3EFA19D191B0007D4E2E /* skyStepperCell.xib */ = {isa = PBXFileReference; fileEncoding = 4; lastKnownFileType = file.xib; name = skyStepperCell.xib; path = Cells/skyStepperCell.xib; sourceTree = "<group>"; };
		06C4850F19D7B20700780BAC /* skyWinBoarder.h */ = {isa = PBXFileReference; fileEncoding = 4; lastKnownFileType = sourcecode.c.h; name = skyWinBoarder.h; path = "ISX View/skyWinBoarder.h"; sourceTree = "<group>"; };
		06C4851019D7B20700780BAC /* skyWinBoarder.m */ = {isa = PBXFileReference; fileEncoding = 4; lastKnownFileType = sourcecode.c.objc; name = skyWinBoarder.m; path = "ISX View/skyWinBoarder.m"; sourceTree = "<group>"; };
/* End PBXFileReference section */

/* Begin PBXFrameworksBuildPhase section */
		0661F54019D1181B00756D17 /* Frameworks */ = {
			isa = PBXFrameworksBuildPhase;
			buildActionMask = 2147483647;
			files = (
				060C64DA19D50BF700E67106 /* CoreGraphics.framework in Frameworks */,
				060C64D719D508B400E67106 /* CFNetwork.framework in Frameworks */,
			);
			runOnlyForDeploymentPostprocessing = 0;
		};
		0661F55919D1181B00756D17 /* Frameworks */ = {
			isa = PBXFrameworksBuildPhase;
			buildActionMask = 2147483647;
			files = (
			);
			runOnlyForDeploymentPostprocessing = 0;
		};
/* End PBXFrameworksBuildPhase section */

/* Begin PBXGroup section */
		060C64D819D508D200E67106 /* Framework */ = {
			isa = PBXGroup;
			children = (
				060C64D919D50BF700E67106 /* CoreGraphics.framework */,
				060C64D619D508B400E67106 /* CFNetwork.framework */,
			);
			name = Framework;
			sourceTree = "<group>";
		};
		064CA93219DA5ABC006E33F5 /* Category */ = {
			isa = PBXGroup;
			children = (
				064CA93319DA5AC8006E33F5 /* skyExternViewController+skyExternViewCategory.h */,
				064CA93419DA5AC8006E33F5 /* skyExternViewController+skyExternViewCategory.m */,
			);
			name = Category;
			sourceTree = "<group>";
		};
		0661F53A19D1181B00756D17 = {
			isa = PBXGroup;
			children = (
				0661F54519D1181B00756D17 /* skyInnerSX */,
				0661F55F19D1181B00756D17 /* skyInnerSXTests */,
				060C64D819D508D200E67106 /* Framework */,
				0661F54419D1181B00756D17 /* Products */,
			);
			sourceTree = "<group>";
		};
		0661F54419D1181B00756D17 /* Products */ = {
			isa = PBXGroup;
			children = (
				0661F54319D1181B00756D17 /* skyInnerSX.app */,
				0661F55C19D1181B00756D17 /* skyInnerSXTests.xctest */,
			);
			name = Products;
			sourceTree = "<group>";
		};
		0661F54519D1181B00756D17 /* skyInnerSX */ = {
			isa = PBXGroup;
			children = (
				0661F57519D1188E00756D17 /* App */,
				0661F57419D1188500756D17 /* App Datas */,
				0661F57319D1187C00756D17 /* Controllers */,
				0661F57219D1187300756D17 /* ISX View */,
				0661F57119D1186B00756D17 /* Popover Views */,
				0661F57019D1186300756D17 /* Cells */,
				064CA93219DA5ABC006E33F5 /* Category */,
				0661F56F19D1185E00756D17 /* Net */,
				0661F56E19D1185800756D17 /* SDKs */,
				0661F56D19D1184F00756D17 /* Protocol Adapter */,
				0661F56C19D1184400756D17 /* Resources */,
				0661F54619D1181B00756D17 /* Supporting Files */,
			);
			path = skyInnerSX;
			sourceTree = "<group>";
		};
		0661F54619D1181B00756D17 /* Supporting Files */ = {
			isa = PBXGroup;
			children = (
				0663E9CC1AB1828000986F4A /* Info.plist */,
				0663E9D21AB1838800986F4A /* InfoPlist.strings */,
				0661F54819D1181B00756D17 /* main.m */,
				0663E9BA1AB11D9A00986F4A /* Localizable.strings */,
			);
			name = "Supporting Files";
			sourceTree = "<group>";
		};
		0661F55F19D1181B00756D17 /* skyInnerSXTests */ = {
			isa = PBXGroup;
			children = (
				0661F56219D1181B00756D17 /* skyInnerSXTests.m */,
				0661F56019D1181B00756D17 /* Supporting Files */,
			);
			path = skyInnerSXTests;
			sourceTree = "<group>";
		};
		0661F56019D1181B00756D17 /* Supporting Files */ = {
			isa = PBXGroup;
			children = (
				0661F56119D1181B00756D17 /* Info.plist */,
			);
			name = "Supporting Files";
			sourceTree = "<group>";
		};
		0661F56C19D1184400756D17 /* Resources */ = {
			isa = PBXGroup;
			children = (
				064CA94619DA62CD006E33F5 /* CVBSDown.png */,
				064CA94719DA62CD006E33F5 /* CVBSNor.png */,
				064CA94819DA62CD006E33F5 /* HDMIDown.png */,
				064CA94919DA62CD006E33F5 /* HDMINor.png */,
				064CA93E19DA6292006E33F5 /* DVIDown.png */,
				064CA93F19DA6292006E33F5 /* DVINor.png */,
				064CA94019DA6292006E33F5 /* VGADown.png */,
				064CA94119DA6292006E33F5 /* VGANor.png */,
				064CA92A19DA4A98006E33F5 /* notsaved.png */,
				064CA8EB19DA4A0F006E33F5 /* background.bmp */,
				064CA8EC19DA4A0F006E33F5 /* cvbs_switch.png */,
				064CA8ED19DA4A0F006E33F5 /* CVBSCardDown.png */,
				064CA8EE19DA4A0F006E33F5 /* dvi_switch.png */,
				064CA8EF19DA4A0F006E33F5 /* DVICardDown.png */,
				064CA8F019DA4A0F006E33F5 /* hdmi_switch.png */,
				064CA8F119DA4A0F006E33F5 /* HDMICardDown.png */,
				064CA8F219DA4A0F006E33F5 /* SMC_Logo.jpg */,
				064CA8F319DA4A0F006E33F5 /* vga_switch.png */,
				064CA8F419DA4A0F006E33F5 /* VGACardDown.png */,
				064CA8F519DA4A0F006E33F5 /* BigPic.png */,
				064CA8F619DA4A0F006E33F5 /* ConnSet.png */,
				064CA8F719DA4A0F006E33F5 /* DownAccessory.png */,
				064CA8F819DA4A0F006E33F5 /* DownAccessory@2x.png */,
				064CA8F919DA4A0F006E33F5 /* ProtocalSet.png */,
				064CA8FA19DA4A0F006E33F5 /* SCXSet.png */,
				064CA8FB19DA4A0F006E33F5 /* scxWin_Btn_Normal.png */,
				064CA8FC19DA4A0F006E33F5 /* scxWin_Btn_Select.png */,
				064CA8FD19DA4A0F006E33F5 /* signal_Card-Small.png */,
				064CA8FE19DA4A0F006E33F5 /* signal_CVBS-Small.png */,
				064CA8FF19DA4A0F006E33F5 /* signal_DVI-Small.png */,
				064CA90019DA4A0F006E33F5 /* signal_HDMI-Small.png */,
				064CA90119DA4A0F006E33F5 /* signal_VGA-Small.png */,
				064CA90219DA4A0F006E33F5 /* SignalSet.png */,
				064CA90319DA4A0F006E33F5 /* toolbarDrawMode.png */,
				064CA90419DA4A0F006E33F5 /* toolbarDrawModeHide.png */,
				064CA90519DA4A0F006E33F5 /* Unit.png */,
				064CA90619DA4A0F006E33F5 /* UpAccessory.png */,
				064CA90719DA4A0F006E33F5 /* UpAccessory@2x.png */,
			);
			name = Resources;
			sourceTree = "<group>";
		};
		0661F56D19D1184F00756D17 /* Protocol Adapter */ = {
			isa = PBXGroup;
			children = (
				0662F45919D4EFFF006FADD7 /* skyProtocolAdapter.h */,
				0662F45A19D4EFFF006FADD7 /* skyProtocolAdapter.m */,
			);
			name = "Protocol Adapter";
			sourceTree = "<group>";
		};
		0661F56E19D1185800756D17 /* SDKs */ = {
			isa = PBXGroup;
			children = (
				0662F45619D4EFDB006FADD7 /* skyInner6M48TVSDK.h */,
				0662F45719D4EFDB006FADD7 /* skyInner6M48TVSDK.m */,
			);
			name = SDKs;
			sourceTree = "<group>";
		};
		0661F56F19D1185E00756D17 /* Net */ = {
			isa = PBXGroup;
			children = (
				0662F45319D4EF1B006FADD7 /* AsyncSocket.h */,
				0662F45419D4EF1B006FADD7 /* AsyncSocket.m */,
			);
			name = Net;
			sourceTree = "<group>";
		};
		0661F57019D1186300756D17 /* Cells */ = {
			isa = PBXGroup;
			children = (
				064CA92519DA4A2A006E33F5 /* skyModelCell.h */,
				064CA92619DA4A2A006E33F5 /* skyModelCell.m */,
				064CA92719DA4A2A006E33F5 /* skyModelCell.xib */,
				060947D219D93756007A12C2 /* skyCell1.h */,
				060947D319D93756007A12C2 /* skyCell1.m */,
				060947D419D93756007A12C2 /* skyCell1.xib */,
				060947D519D93756007A12C2 /* skyCell2.h */,
				060947D619D93756007A12C2 /* skyCell2.m */,
				060947D719D93756007A12C2 /* skyCell2.xib */,
				06AF3EF819D191B0007D4E2E /* skyStepperCell.h */,
				06AF3EF919D191B0007D4E2E /* skyStepperCell.m */,
				06AF3EFA19D191B0007D4E2E /* skyStepperCell.xib */,
				0631A1CC19D2980500439139 /* skySliderCell.h */,
				0631A1CD19D2980500439139 /* skySliderCell.m */,
				0631A1CE19D2980500439139 /* skySliderCell.xib */,
				0677F50719D3B7E70051AC0C /* skyMenuCell.h */,
				0677F50819D3B7E70051AC0C /* skyMenuCell.m */,
				0677F50919D3B7E70051AC0C /* skyMenuCell.xib */,
				0677F50E19D3C2890051AC0C /* skyStepperBtnCell.h */,
				0677F50F19D3C2890051AC0C /* skyStepperBtnCell.m */,
				0677F51019D3C2890051AC0C /* skyStepperBtnCell.xib */,
			);
			name = Cells;
			sourceTree = "<group>";
		};
		0661F57119D1186B00756D17 /* Popover Views */ = {
			isa = PBXGroup;
			children = (
				0661F58819D13F3C00756D17 /* Base Popover Controller */,
				0661F58319D13EAF00756D17 /* Settings Popover View */,
				0661F58419D13EBB00756D17 /* Model Popover View */,
				0661F58519D13ED700756D17 /* Signal Popover View */,
				0661F58719D13F0700756D17 /* ISXWin Popover View */,
				06A7150219D25BDA001DD984 /* MatrixSetting Popover View */,
				0677F51319D40E1B0051AC0C /* Unit Selection Popover */,
			);
			name = "Popover Views";
			sourceTree = "<group>";
		};
		0661F57219D1187300756D17 /* ISX View */ = {
			isa = PBXGroup;
			children = (
				060C64DF19D54D0500E67106 /* skyISXWin.h */,
				060C64E019D54D0500E67106 /* skyISXWin.m */,
				060C64DC19D54CC600E67106 /* skyUnderPaint.h */,
				060C64DD19D54CC600E67106 /* skyUnderPaint.m */,
				06C4850F19D7B20700780BAC /* skyWinBoarder.h */,
				06C4851019D7B20700780BAC /* skyWinBoarder.m */,
			);
			name = "ISX View";
			sourceTree = "<group>";
		};
		0661F57319D1187C00756D17 /* Controllers */ = {
			isa = PBXGroup;
			children = (
				0661F57619D118B000756D17 /* skyInnerViewController.h */,
				0661F57719D118B000756D17 /* skyInnerViewController.m */,
				0661F57819D118B000756D17 /* skyInnerViewController.xib */,
				064CA92C19DA5660006E33F5 /* skyExternViewController.h */,
				064CA92D19DA5660006E33F5 /* skyExternViewController.m */,
				064CA92E19DA5660006E33F5 /* skyExternWin.h */,
				064CA92F19DA5660006E33F5 /* skyExternWin.m */,
			);
			name = Controllers;
			sourceTree = "<group>";
		};
		0661F57419D1188500756D17 /* App Datas */ = {
			isa = PBXGroup;
			children = (
				0661F57C19D118DB00756D17 /* skyAppStatus.h */,
				0661F57D19D118DB00756D17 /* skyAppStatus.m */,
				060C64DB19D50CC300E67106 /* definitions.h */,
			);
			name = "App Datas";
			sourceTree = "<group>";
		};
		0661F57519D1188E00756D17 /* App */ = {
			isa = PBXGroup;
			children = (
				0661F54A19D1181B00756D17 /* AppDelegate.h */,
				0661F54B19D1181B00756D17 /* AppDelegate.m */,
				0661F55319D1181B00756D17 /* Images.xcassets */,
				0661F55519D1181B00756D17 /* LaunchScreen.xib */,
			);
			name = App;
			sourceTree = "<group>";
		};
		0661F58319D13EAF00756D17 /* Settings Popover View */ = {
			isa = PBXGroup;
			children = (
				0661F58C19D1412B00756D17 /* skySettingMainVC.h */,
				0661F58D19D1412B00756D17 /* skySettingMainVC.m */,
				0661F59119D141BE00756D17 /* skySettingConnectionVC.h */,
				0661F59219D141BE00756D17 /* skySettingConnectionVC.m */,
				0661F5BD19D17AB500756D17 /* skySettingConnection.xib */,
				0661F59619D141F100756D17 /* skySettingConfigVC.h */,
				0661F59719D141F100756D17 /* skySettingConfigVC.m */,
				06AF3EF619D1893D007D4E2E /* skySettingConfig.xib */,
				0661F59B19D1422F00756D17 /* skySettingSignalVC.h */,
				0661F59C19D1422F00756D17 /* skySettingSignalVC.m */,
				06A7150019D256E0001DD984 /* skySettingSignal.xib */,
				0661F5A019D1425600756D17 /* skySettingUnitVC.h */,
				0661F5A119D1425600756D17 /* skySettingUnitVC.m */,
				0677F50C19D3BB2E0051AC0C /* skySettingUnit.xib */,
			);
			name = "Settings Popover View";
			sourceTree = "<group>";
		};
		0661F58419D13EBB00756D17 /* Model Popover View */ = {
			isa = PBXGroup;
			children = (
				0661F5A519D1427D00756D17 /* skyModelViewController.h */,
				0661F5A619D1427D00756D17 /* skyModelViewController.m */,
			);
			name = "Model Popover View";
			sourceTree = "<group>";
		};
		0661F58519D13ED700756D17 /* Signal Popover View */ = {
			isa = PBXGroup;
			children = (
				066B23C019D90290005C6A55 /* skyCVBSSignalView.h */,
				066B23C119D90290005C6A55 /* skyCVBSSignalView.m */,
				066B23C319D902A7005C6A55 /* skyVGASignalView.h */,
				066B23C419D902A7005C6A55 /* skyVGASignalView.m */,
				066B23C619D902BB005C6A55 /* skyHDMISignalView.h */,
				066B23C719D902BB005C6A55 /* skyHDMISignalView.m */,
				066B23C919D902D1005C6A55 /* skyDVISignalView.h */,
				066B23CA19D902D1005C6A55 /* skyDVISignalView.m */,
			);
			name = "Signal Popover View";
			sourceTree = "<group>";
		};
		0661F58719D13F0700756D17 /* ISXWin Popover View */ = {
			isa = PBXGroup;
			children = (
				0661F5AF19D143A400756D17 /* skyISXWinPopoverVC.h */,
				0661F5B019D143A400756D17 /* skyISXWinPopoverVC.m */,
			);
			name = "ISXWin Popover View";
			sourceTree = "<group>";
		};
		0661F58819D13F3C00756D17 /* Base Popover Controller */ = {
			isa = PBXGroup;
			children = (
				0661F58919D13F8200756D17 /* skyPopBaseViewController.h */,
				0661F58A19D13F8200756D17 /* skyPopBaseViewController.m */,
			);
			name = "Base Popover Controller";
			sourceTree = "<group>";
		};
		0677F51319D40E1B0051AC0C /* Unit Selection Popover */ = {
			isa = PBXGroup;
			children = (
				0677F51419D40EC60051AC0C /* skyUnitSelectionVC.h */,
				0677F51519D40EC60051AC0C /* skyUnitSelectionVC.m */,
				0677F51619D40EC60051AC0C /* skyUnitSelectionVC.xib */,
			);
			name = "Unit Selection Popover";
			sourceTree = "<group>";
		};
		06A7150219D25BDA001DD984 /* MatrixSetting Popover View */ = {
			isa = PBXGroup;
			children = (
				06A7150319D25C35001DD984 /* skyCVBSMatrixSetting.h */,
				06A7150419D25C35001DD984 /* skyCVBSMatrixSetting.m */,
				06A7150519D25C35001DD984 /* skyCVBSMatrixSetting.xib */,
				06A7150819D25C51001DD984 /* skyVGAMatrixSetting.h */,
				06A7150919D25C51001DD984 /* skyVGAMatrixSetting.m */,
				06A7150A19D25C51001DD984 /* skyVGAMatrixSetting.xib */,
				06A7150D19D25C6E001DD984 /* skyHDMIMatrixSetting.h */,
				06A7150E19D25C6E001DD984 /* skyHDMIMatrixSetting.m */,
				06A7150F19D25C6E001DD984 /* skyHDMIMatrixSetting.xib */,
				06A7151219D25C85001DD984 /* skyDVIMatrixSetting.h */,
				06A7151319D25C85001DD984 /* skyDVIMatrixSetting.m */,
				06A7151419D25C85001DD984 /* skyDVIMatrixSetting.xib */,
			);
			name = "MatrixSetting Popover View";
			sourceTree = "<group>";
		};
/* End PBXGroup section */

/* Begin PBXNativeTarget section */
		0661F54219D1181B00756D17 /* skyInnerSX */ = {
			isa = PBXNativeTarget;
			buildConfigurationList = 0661F56619D1181B00756D17 /* Build configuration list for PBXNativeTarget "skyInnerSX" */;
			buildPhases = (
				0661F53F19D1181B00756D17 /* Sources */,
				0661F54019D1181B00756D17 /* Frameworks */,
				0661F54119D1181B00756D17 /* Resources */,
			);
			buildRules = (
			);
			dependencies = (
			);
			name = skyInnerSX;
			productName = skyInnerSX;
			productReference = 0661F54319D1181B00756D17 /* skyInnerSX.app */;
			productType = "com.apple.product-type.application";
		};
		0661F55B19D1181B00756D17 /* skyInnerSXTests */ = {
			isa = PBXNativeTarget;
			buildConfigurationList = 0661F56919D1181B00756D17 /* Build configuration list for PBXNativeTarget "skyInnerSXTests" */;
			buildPhases = (
				0661F55819D1181B00756D17 /* Sources */,
				0661F55919D1181B00756D17 /* Frameworks */,
				0661F55A19D1181B00756D17 /* Resources */,
			);
			buildRules = (
			);
			dependencies = (
				0661F55E19D1181B00756D17 /* PBXTargetDependency */,
			);
			name = skyInnerSXTests;
			productName = skyInnerSXTests;
			productReference = 0661F55C19D1181B00756D17 /* skyInnerSXTests.xctest */;
			productType = "com.apple.product-type.bundle.unit-test";
		};
/* End PBXNativeTarget section */

/* Begin PBXProject section */
		0661F53B19D1181B00756D17 /* Project object */ = {
			isa = PBXProject;
			attributes = {
				LastUpgradeCheck = 0600;
				ORGANIZATIONNAME = wziiy;
				TargetAttributes = {
					0661F54219D1181B00756D17 = {
						CreatedOnToolsVersion = 6.0.1;
						DevelopmentTeam = U87S956AM2;
					};
					0661F55B19D1181B00756D17 = {
						CreatedOnToolsVersion = 6.0.1;
						DevelopmentTeam = U87S956AM2;
						TestTargetID = 0661F54219D1181B00756D17;
					};
				};
			};
			buildConfigurationList = 0661F53E19D1181B00756D17 /* Build configuration list for PBXProject "skyInnerSX" */;
			compatibilityVersion = "Xcode 3.2";
			developmentRegion = English;
			hasScannedForEncodings = 0;
			knownRegions = (
				en,
				Base,
			);
			mainGroup = 0661F53A19D1181B00756D17;
			productRefGroup = 0661F54419D1181B00756D17 /* Products */;
			projectDirPath = "";
			projectRoot = "";
			targets = (
				0661F54219D1181B00756D17 /* skyInnerSX */,
				0661F55B19D1181B00756D17 /* skyInnerSXTests */,
			);
		};
/* End PBXProject section */

/* Begin PBXResourcesBuildPhase section */
		0661F54119D1181B00756D17 /* Resources */ = {
			isa = PBXResourcesBuildPhase;
			buildActionMask = 2147483647;
			files = (
				064CA90E19DA4A0F006E33F5 /* HDMICardDown.png in Resources */,
				06AF3EFC19D191B0007D4E2E /* skyStepperCell.xib in Resources */,
				064CA90F19DA4A0F006E33F5 /* SMC_Logo.jpg in Resources */,
				0677F51219D3C2890051AC0C /* skyStepperBtnCell.xib in Resources */,
				0661F55719D1181B00756D17 /* LaunchScreen.xib in Resources */,
				064CA92319DA4A0F006E33F5 /* UpAccessory.png in Resources */,
				0677F51819D40EC60051AC0C /* skyUnitSelectionVC.xib in Resources */,
				064CA94519DA6292006E33F5 /* VGANor.png in Resources */,
				064CA91C19DA4A0F006E33F5 /* signal_DVI-Small.png in Resources */,
				064CA91A19DA4A0F006E33F5 /* signal_Card-Small.png in Resources */,
				064CA91B19DA4A0F006E33F5 /* signal_CVBS-Small.png in Resources */,
				06A7150C19D25C51001DD984 /* skyVGAMatrixSetting.xib in Resources */,
				064CA91819DA4A0F006E33F5 /* scxWin_Btn_Normal.png in Resources */,
				0663E9CD1AB1828000986F4A /* Info.plist in Resources */,
				06A7151619D25C85001DD984 /* skyDVIMatrixSetting.xib in Resources */,
				06A7151119D25C6E001DD984 /* skyHDMIMatrixSetting.xib in Resources */,
				060947D919D93756007A12C2 /* skyCell1.xib in Resources */,
				064CA92119DA4A0F006E33F5 /* toolbarDrawModeHide.png in Resources */,
				064CA91F19DA4A0F006E33F5 /* SignalSet.png in Resources */,
				064CA91319DA4A0F006E33F5 /* ConnSet.png in Resources */,
				064CA91719DA4A0F006E33F5 /* SCXSet.png in Resources */,
				064CA90819DA4A0F006E33F5 /* background.bmp in Resources */,
				0661F57A19D118B000756D17 /* skyInnerViewController.xib in Resources */,
				06A7150719D25C35001DD984 /* skyCVBSMatrixSetting.xib in Resources */,
				064CA94D19DA62CD006E33F5 /* HDMINor.png in Resources */,
				064CA92419DA4A0F006E33F5 /* UpAccessory@2x.png in Resources */,
				064CA91E19DA4A0F006E33F5 /* signal_VGA-Small.png in Resources */,
				064CA92019DA4A0F006E33F5 /* toolbarDrawMode.png in Resources */,
				064CA90A19DA4A0F006E33F5 /* CVBSCardDown.png in Resources */,
				064CA94319DA6292006E33F5 /* DVINor.png in Resources */,
				0661F5BE19D17AB500756D17 /* skySettingConnection.xib in Resources */,
				0677F50D19D3BB2E0051AC0C /* skySettingUnit.xib in Resources */,
				064CA90919DA4A0F006E33F5 /* cvbs_switch.png in Resources */,
				064CA94B19DA62CD006E33F5 /* CVBSNor.png in Resources */,
				064CA94A19DA62CD006E33F5 /* CVBSDown.png in Resources */,
				064CA92219DA4A0F006E33F5 /* Unit.png in Resources */,
				064CA91019DA4A0F006E33F5 /* vga_switch.png in Resources */,
				064CA94419DA6292006E33F5 /* VGADown.png in Resources */,
				064CA94219DA6292006E33F5 /* DVIDown.png in Resources */,
				064CA91219DA4A0F006E33F5 /* BigPic.png in Resources */,
				064CA91919DA4A0F006E33F5 /* scxWin_Btn_Select.png in Resources */,
				064CA91419DA4A0F006E33F5 /* DownAccessory.png in Resources */,
				064CA91519DA4A0F006E33F5 /* DownAccessory@2x.png in Resources */,
				064CA94C19DA62CD006E33F5 /* HDMIDown.png in Resources */,
				0661F55419D1181B00756D17 /* Images.xcassets in Resources */,
				064CA91D19DA4A0F006E33F5 /* signal_HDMI-Small.png in Resources */,
				060947DB19D93756007A12C2 /* skyCell2.xib in Resources */,
				06AF3EF719D1893D007D4E2E /* skySettingConfig.xib in Resources */,
				064CA90C19DA4A0F006E33F5 /* DVICardDown.png in Resources */,
				0663E9D01AB1838800986F4A /* InfoPlist.strings in Resources */,
				0677F50B19D3B7E70051AC0C /* skyMenuCell.xib in Resources */,
				064CA92919DA4A2A006E33F5 /* skyModelCell.xib in Resources */,
				064CA90B19DA4A0F006E33F5 /* dvi_switch.png in Resources */,
				0663E9B81AB11D9A00986F4A /* Localizable.strings in Resources */,
				064CA92B19DA4A98006E33F5 /* notsaved.png in Resources */,
				064CA90D19DA4A0F006E33F5 /* hdmi_switch.png in Resources */,
				064CA91619DA4A0F006E33F5 /* ProtocalSet.png in Resources */,
				0631A1D019D2980500439139 /* skySliderCell.xib in Resources */,
				064CA91119DA4A0F006E33F5 /* VGACardDown.png in Resources */,
				06A7150119D256E0001DD984 /* skySettingSignal.xib in Resources */,
			);
			runOnlyForDeploymentPostprocessing = 0;
		};
		0661F55A19D1181B00756D17 /* Resources */ = {
			isa = PBXResourcesBuildPhase;
			buildActionMask = 2147483647;
			files = (
			);
			runOnlyForDeploymentPostprocessing = 0;
		};
/* End PBXResourcesBuildPhase section */

/* Begin PBXSourcesBuildPhase section */
		0661F53F19D1181B00756D17 /* Sources */ = {
			isa = PBXSourcesBuildPhase;
			buildActionMask = 2147483647;
			files = (
				066B23CB19D902D1005C6A55 /* skyDVISignalView.m in Sources */,
				064CA93519DA5AC8006E33F5 /* skyExternViewController+skyExternViewCategory.m in Sources */,
				0661F57919D118B000756D17 /* skyInnerViewController.m in Sources */,
				0661F57E19D118DB00756D17 /* skyAppStatus.m in Sources */,
				0661F5A819D1427D00756D17 /* skyModelViewController.m in Sources */,
				0661F59E19D1422F00756D17 /* skySettingSignalVC.m in Sources */,
				0677F50A19D3B7E70051AC0C /* skyMenuCell.m in Sources */,
				0662F45519D4EF1B006FADD7 /* AsyncSocket.m in Sources */,
				0677F51719D40EC60051AC0C /* skyUnitSelectionVC.m in Sources */,
				064CA93119DA5660006E33F5 /* skyExternWin.m in Sources */,
				0661F58F19D1412B00756D17 /* skySettingMainVC.m in Sources */,
				06A7151519D25C85001DD984 /* skyDVIMatrixSetting.m in Sources */,
				0661F5B119D143A400756D17 /* skyISXWinPopoverVC.m in Sources */,
				06A7151019D25C6E001DD984 /* skyHDMIMatrixSetting.m in Sources */,
				0661F59919D141F100756D17 /* skySettingConfigVC.m in Sources */,
				060947D819D93756007A12C2 /* skyCell1.m in Sources */,
				06A7150B19D25C51001DD984 /* skyVGAMatrixSetting.m in Sources */,
				0662F45B19D4EFFF006FADD7 /* skyProtocolAdapter.m in Sources */,
				0661F5A319D1425600756D17 /* skySettingUnitVC.m in Sources */,
				0661F54C19D1181B00756D17 /* AppDelegate.m in Sources */,
				0677F51119D3C2890051AC0C /* skyStepperBtnCell.m in Sources */,
				066B23C819D902BB005C6A55 /* skyHDMISignalView.m in Sources */,
				0661F59419D141BE00756D17 /* skySettingConnectionVC.m in Sources */,
				066B23C519D902A7005C6A55 /* skyVGASignalView.m in Sources */,
				060C64DE19D54CC600E67106 /* skyUnderPaint.m in Sources */,
				06AF3EFB19D191B0007D4E2E /* skyStepperCell.m in Sources */,
				0661F58B19D13F8200756D17 /* skyPopBaseViewController.m in Sources */,
				06C4851119D7B20700780BAC /* skyWinBoarder.m in Sources */,
				060C64E119D54D0500E67106 /* skyISXWin.m in Sources */,
				066B23C219D90290005C6A55 /* skyCVBSSignalView.m in Sources */,
				060947DA19D93756007A12C2 /* skyCell2.m in Sources */,
				064CA92819DA4A2A006E33F5 /* skyModelCell.m in Sources */,
				0662F45819D4EFDB006FADD7 /* skyInner6M48TVSDK.m in Sources */,
				06A7150619D25C35001DD984 /* skyCVBSMatrixSetting.m in Sources */,
				064CA93019DA5660006E33F5 /* skyExternViewController.m in Sources */,
				0631A1CF19D2980500439139 /* skySliderCell.m in Sources */,
				0661F54919D1181B00756D17 /* main.m in Sources */,
			);
			runOnlyForDeploymentPostprocessing = 0;
		};
		0661F55819D1181B00756D17 /* Sources */ = {
			isa = PBXSourcesBuildPhase;
			buildActionMask = 2147483647;
			files = (
				0661F56319D1181B00756D17 /* skyInnerSXTests.m in Sources */,
			);
			runOnlyForDeploymentPostprocessing = 0;
		};
/* End PBXSourcesBuildPhase section */

/* Begin PBXTargetDependency section */
		0661F55E19D1181B00756D17 /* PBXTargetDependency */ = {
			isa = PBXTargetDependency;
			target = 0661F54219D1181B00756D17 /* skyInnerSX */;
			targetProxy = 0661F55D19D1181B00756D17 /* PBXContainerItemProxy */;
		};
/* End PBXTargetDependency section */

/* Begin PBXVariantGroup section */
		0661F55519D1181B00756D17 /* LaunchScreen.xib */ = {
			isa = PBXVariantGroup;
			children = (
				0661F55619D1181B00756D17 /* Base */,
			);
			name = LaunchScreen.xib;
			sourceTree = "<group>";
		};
		0663E9BA1AB11D9A00986F4A /* Localizable.strings */ = {
			isa = PBXVariantGroup;
			children = (
				0663E9B91AB11D9A00986F4A /* Base */,
				0663E9BB1AB11D9D00986F4A /* en */,
			);
			name = Localizable.strings;
			path = Localization;
			sourceTree = "<group>";
		};
		0663E9D21AB1838800986F4A /* InfoPlist.strings */ = {
			isa = PBXVariantGroup;
			children = (
				0663E9D11AB1838800986F4A /* en */,
				0663E9D31AB1838900986F4A /* Base */,
			);
			name = InfoPlist.strings;
			path = Localization;
			sourceTree = "<group>";
		};
/* End PBXVariantGroup section */

/* Begin XCBuildConfiguration section */
		0661F56419D1181B00756D17 /* Debug */ = {
			isa = XCBuildConfiguration;
			buildSettings = {
				ALWAYS_SEARCH_USER_PATHS = NO;
				CLANG_CXX_LANGUAGE_STANDARD = "gnu++0x";
				CLANG_CXX_LIBRARY = "libc++";
				CLANG_ENABLE_MODULES = YES;
				CLANG_ENABLE_OBJC_ARC = YES;
				CLANG_WARN_BOOL_CONVERSION = YES;
				CLANG_WARN_CONSTANT_CONVERSION = YES;
				CLANG_WARN_DIRECT_OBJC_ISA_USAGE = YES_ERROR;
				CLANG_WARN_EMPTY_BODY = YES;
				CLANG_WARN_ENUM_CONVERSION = YES;
				CLANG_WARN_INT_CONVERSION = YES;
				CLANG_WARN_OBJC_ROOT_CLASS = YES_ERROR;
				CLANG_WARN_UNREACHABLE_CODE = YES;
				CLANG_WARN__DUPLICATE_METHOD_MATCH = YES;
				CODE_SIGN_IDENTITY = "iPhone Distribution: Wang Hao (U87S956AM2)";
				"CODE_SIGN_IDENTITY[sdk=iphoneos*]" = "iPhone Distribution: Wang Hao (U87S956AM2)";
				COPY_PHASE_STRIP = NO;
				ENABLE_STRICT_OBJC_MSGSEND = YES;
				GCC_C_LANGUAGE_STANDARD = gnu99;
				GCC_DYNAMIC_NO_PIC = NO;
				GCC_OPTIMIZATION_LEVEL = 0;
				GCC_PREPROCESSOR_DEFINITIONS = (
					"DEBUG=1",
					"$(inherited)",
				);
				GCC_SYMBOLS_PRIVATE_EXTERN = NO;
				GCC_WARN_64_TO_32_BIT_CONVERSION = YES;
				GCC_WARN_ABOUT_RETURN_TYPE = YES_ERROR;
				GCC_WARN_UNDECLARED_SELECTOR = YES;
				GCC_WARN_UNINITIALIZED_AUTOS = YES_AGGRESSIVE;
				GCC_WARN_UNUSED_FUNCTION = YES;
				GCC_WARN_UNUSED_VARIABLE = YES;
				IPHONEOS_DEPLOYMENT_TARGET = 7.0;
				MTL_ENABLE_DEBUG_INFO = YES;
				ONLY_ACTIVE_ARCH = YES;
				PROVISIONING_PROFILE = "826dca11-a151-478d-8644-f75074c8f258";
				SDKROOT = iphoneos;
				TARGETED_DEVICE_FAMILY = 2;
			};
			name = Debug;
		};
		0661F56519D1181B00756D17 /* Release */ = {
			isa = XCBuildConfiguration;
			buildSettings = {
				ALWAYS_SEARCH_USER_PATHS = NO;
				CLANG_CXX_LANGUAGE_STANDARD = "gnu++0x";
				CLANG_CXX_LIBRARY = "libc++";
				CLANG_ENABLE_MODULES = YES;
				CLANG_ENABLE_OBJC_ARC = YES;
				CLANG_WARN_BOOL_CONVERSION = YES;
				CLANG_WARN_CONSTANT_CONVERSION = YES;
				CLANG_WARN_DIRECT_OBJC_ISA_USAGE = YES_ERROR;
				CLANG_WARN_EMPTY_BODY = YES;
				CLANG_WARN_ENUM_CONVERSION = YES;
				CLANG_WARN_INT_CONVERSION = YES;
				CLANG_WARN_OBJC_ROOT_CLASS = YES_ERROR;
				CLANG_WARN_UNREACHABLE_CODE = YES;
				CLANG_WARN__DUPLICATE_METHOD_MATCH = YES;
				CODE_SIGN_IDENTITY = "iPhone Distribution: Wang Hao (U87S956AM2)";
				"CODE_SIGN_IDENTITY[sdk=iphoneos*]" = "iPhone Distribution: Wang Hao (U87S956AM2)";
				COPY_PHASE_STRIP = YES;
				ENABLE_NS_ASSERTIONS = NO;
				ENABLE_STRICT_OBJC_MSGSEND = YES;
				GCC_C_LANGUAGE_STANDARD = gnu99;
				GCC_WARN_64_TO_32_BIT_CONVERSION = YES;
				GCC_WARN_ABOUT_RETURN_TYPE = YES_ERROR;
				GCC_WARN_UNDECLARED_SELECTOR = YES;
				GCC_WARN_UNINITIALIZED_AUTOS = YES_AGGRESSIVE;
				GCC_WARN_UNUSED_FUNCTION = YES;
				GCC_WARN_UNUSED_VARIABLE = YES;
				IPHONEOS_DEPLOYMENT_TARGET = 7.0;
				MTL_ENABLE_DEBUG_INFO = NO;
				PROVISIONING_PROFILE = "826dca11-a151-478d-8644-f75074c8f258";
				SDKROOT = iphoneos;
				TARGETED_DEVICE_FAMILY = 2;
				VALIDATE_PRODUCT = YES;
			};
			name = Release;
		};
		0661F56719D1181B00756D17 /* Debug */ = {
			isa = XCBuildConfiguration;
			buildSettings = {
				ASSETCATALOG_COMPILER_APPICON_NAME = AppIcon;
				ASSETCATALOG_COMPILER_LAUNCHIMAGE_NAME = LaunchImage;
				CODE_SIGN_IDENTITY = "iPhone Developer: Wang Hao (3BVJ5D2MYF)";
				"CODE_SIGN_IDENTITY[sdk=iphoneos*]" = "iPhone Developer: Wang Hao (3BVJ5D2MYF)";
				INFOPLIST_FILE = skyInnerSX/Info.plist;
				IPHONEOS_DEPLOYMENT_TARGET = 7.0;
				LD_RUNPATH_SEARCH_PATHS = "$(inherited) @executable_path/Frameworks";
				PRODUCT_NAME = "$(TARGET_NAME)";
				PROVISIONING_PROFILE = "";
			};
			name = Debug;
		};
		0661F56819D1181B00756D17 /* Release */ = {
			isa = XCBuildConfiguration;
			buildSettings = {
				ASSETCATALOG_COMPILER_APPICON_NAME = AppIcon;
				ASSETCATALOG_COMPILER_LAUNCHIMAGE_NAME = LaunchImage;
				CODE_SIGN_IDENTITY = "iPhone Developer: Wang Hao (3BVJ5D2MYF)";
				"CODE_SIGN_IDENTITY[sdk=iphoneos*]" = "iPhone Developer: Wang Hao (3BVJ5D2MYF)";
				INFOPLIST_FILE = skyInnerSX/Info.plist;
				IPHONEOS_DEPLOYMENT_TARGET = 7.0;
				LD_RUNPATH_SEARCH_PATHS = "$(inherited) @executable_path/Frameworks";
				PRODUCT_NAME = "$(TARGET_NAME)";
				PROVISIONING_PROFILE = "";
			};
			name = Release;
		};
		0661F56A19D1181B00756D17 /* Debug */ = {
			isa = XCBuildConfiguration;
			buildSettings = {
				BUNDLE_LOADER = "$(TEST_HOST)";
				CODE_SIGN_IDENTITY = "iPhone Developer";
				"CODE_SIGN_IDENTITY[sdk=iphoneos*]" = "iPhone Developer";
				FRAMEWORK_SEARCH_PATHS = (
					"$(SDKROOT)/Developer/Library/Frameworks",
					"$(inherited)",
				);
				GCC_PREPROCESSOR_DEFINITIONS = (
					"DEBUG=1",
					"$(inherited)",
				);
				INFOPLIST_FILE = skyInnerSXTests/Info.plist;
				LD_RUNPATH_SEARCH_PATHS = "$(inherited) @executable_path/Frameworks @loader_path/Frameworks";
				PRODUCT_NAME = "$(TARGET_NAME)";
				PROVISIONING_PROFILE = "";
				TEST_HOST = "$(BUILT_PRODUCTS_DIR)/skyInnerSX.app/skyInnerSX";
			};
			name = Debug;
		};
		0661F56B19D1181B00756D17 /* Release */ = {
			isa = XCBuildConfiguration;
			buildSettings = {
				BUNDLE_LOADER = "$(TEST_HOST)";
				CODE_SIGN_IDENTITY = "iPhone Developer";
				"CODE_SIGN_IDENTITY[sdk=iphoneos*]" = "iPhone Developer";
				FRAMEWORK_SEARCH_PATHS = (
					"$(SDKROOT)/Developer/Library/Frameworks",
					"$(inherited)",
				);
				INFOPLIST_FILE = skyInnerSXTests/Info.plist;
				LD_RUNPATH_SEARCH_PATHS = "$(inherited) @executable_path/Frameworks @loader_path/Frameworks";
				PRODUCT_NAME = "$(TARGET_NAME)";
				PROVISIONING_PROFILE = "";
				TEST_HOST = "$(BUILT_PRODUCTS_DIR)/skyInnerSX.app/skyInnerSX";
			};
			name = Release;
		};
/* End XCBuildConfiguration section */

/* Begin XCConfigurationList section */
		0661F53E19D1181B00756D17 /* Build configuration list for PBXProject "skyInnerSX" */ = {
			isa = XCConfigurationList;
			buildConfigurations = (
				0661F56419D1181B00756D17 /* Debug */,
				0661F56519D1181B00756D17 /* Release */,
			);
			defaultConfigurationIsVisible = 0;
			defaultConfigurationName = Release;
		};
		0661F56619D1181B00756D17 /* Build configuration list for PBXNativeTarget "skyInnerSX" */ = {
			isa = XCConfigurationList;
			buildConfigurations = (
				0661F56719D1181B00756D17 /* Debug */,
				0661F56819D1181B00756D17 /* Release */,
			);
			defaultConfigurationIsVisible = 0;
			defaultConfigurationName = Release;
		};
		0661F56919D1181B00756D17 /* Build configuration list for PBXNativeTarget "skyInnerSXTests" */ = {
			isa = XCConfigurationList;
			buildConfigurations = (
				0661F56A19D1181B00756D17 /* Debug */,
				0661F56B19D1181B00756D17 /* Release */,
			);
			defaultConfigurationIsVisible = 0;
			defaultConfigurationName = Release;
		};
/* End XCConfigurationList section */
	};
	rootObject = 0661F53B19D1181B00756D17 /* Project object */;
}
